// !$*UTF8*$!
{
	archiveVersion = 1;
	classes = {
	};
	objectVersion = 55;
	objects = {

/* Begin PBXBuildFile section */
		BD85A38C2891A86100892E4A /* AppDelegate.swift in Sources */ = {isa = PBXBuildFile; fileRef = BD85A38B2891A86100892E4A /* AppDelegate.swift */; };
		BD85A38E2891A86100892E4A /* SceneDelegate.swift in Sources */ = {isa = PBXBuildFile; fileRef = BD85A38D2891A86100892E4A /* SceneDelegate.swift */; };
		BD85A3902891A86100892E4A /* ViewController.swift in Sources */ = {isa = PBXBuildFile; fileRef = BD85A38F2891A86100892E4A /* ViewController.swift */; };
		BD85A3932891A86100892E4A /* Main.storyboard in Resources */ = {isa = PBXBuildFile; fileRef = BD85A3912891A86100892E4A /* Main.storyboard */; };
		BD85A3962891A86100892E4A /* actions_outlets.xcdatamodeld in Sources */ = {isa = PBXBuildFile; fileRef = BD85A3942891A86100892E4A /* actions_outlets.xcdatamodeld */; };
		BD85A3982891A86200892E4A /* Assets.xcassets in Resources */ = {isa = PBXBuildFile; fileRef = BD85A3972891A86200892E4A /* Assets.xcassets */; };
		BD85A39B2891A86200892E4A /* LaunchScreen.storyboard in Resources */ = {isa = PBXBuildFile; fileRef = BD85A3992891A86200892E4A /* LaunchScreen.storyboard */; };
		BD85A3A62891A86200892E4A /* actions_outletsTests.swift in Sources */ = {isa = PBXBuildFile; fileRef = BD85A3A52891A86200892E4A /* actions_outletsTests.swift */; };
		BD85A3B02891A86200892E4A /* actions_outletsUITests.swift in Sources */ = {isa = PBXBuildFile; fileRef = BD85A3AF2891A86200892E4A /* actions_outletsUITests.swift */; };
		BD85A3B22891A86200892E4A /* actions_outletsUITestsLaunchTests.swift in Sources */ = {isa = PBXBuildFile; fileRef = BD85A3B12891A86200892E4A /* actions_outletsUITestsLaunchTests.swift */; };
/* End PBXBuildFile section */

/* Begin PBXContainerItemProxy section */
		BD85A3A22891A86200892E4A /* PBXContainerItemProxy */ = {
			isa = PBXContainerItemProxy;
			containerPortal = BD85A3802891A86100892E4A /* Project object */;
			proxyType = 1;
			remoteGlobalIDString = BD85A3872891A86100892E4A;
			remoteInfo = "actions&outlets";
		};
		BD85A3AC2891A86200892E4A /* PBXContainerItemProxy */ = {
			isa = PBXContainerItemProxy;
			containerPortal = BD85A3802891A86100892E4A /* Project object */;
			proxyType = 1;
			remoteGlobalIDString = BD85A3872891A86100892E4A;
			remoteInfo = "actions&outlets";
		};
/* End PBXContainerItemProxy section */

/* Begin PBXFileReference section */
		BD85A3882891A86100892E4A /* actions&outlets.app */ = {isa = PBXFileReference; explicitFileType = wrapper.application; includeInIndex = 0; path = "actions&outlets.app"; sourceTree = BUILT_PRODUCTS_DIR; };
		BD85A38B2891A86100892E4A /* AppDelegate.swift */ = {isa = PBXFileReference; lastKnownFileType = sourcecode.swift; path = AppDelegate.swift; sourceTree = "<group>"; };
		BD85A38D2891A86100892E4A /* SceneDelegate.swift */ = {isa = PBXFileReference; lastKnownFileType = sourcecode.swift; path = SceneDelegate.swift; sourceTree = "<group>"; };
		BD85A38F2891A86100892E4A /* ViewController.swift */ = {isa = PBXFileReference; lastKnownFileType = sourcecode.swift; path = ViewController.swift; sourceTree = "<group>"; };
		BD85A3922891A86100892E4A /* Base */ = {isa = PBXFileReference; lastKnownFileType = file.storyboard; name = Base; path = Base.lproj/Main.storyboard; sourceTree = "<group>"; };
		BD85A3952891A86100892E4A /* actions_outlets.xcdatamodel */ = {isa = PBXFileReference; lastKnownFileType = wrapper.xcdatamodel; path = actions_outlets.xcdatamodel; sourceTree = "<group>"; };
		BD85A3972891A86200892E4A /* Assets.xcassets */ = {isa = PBXFileReference; lastKnownFileType = folder.assetcatalog; path = Assets.xcassets; sourceTree = "<group>"; };
		BD85A39A2891A86200892E4A /* Base */ = {isa = PBXFileReference; lastKnownFileType = file.storyboard; name = Base; path = Base.lproj/LaunchScreen.storyboard; sourceTree = "<group>"; };
		BD85A39C2891A86200892E4A /* Info.plist */ = {isa = PBXFileReference; lastKnownFileType = text.plist.xml; path = Info.plist; sourceTree = "<group>"; };
		BD85A3A12891A86200892E4A /* actions&outletsTests.xctest */ = {isa = PBXFileReference; explicitFileType = wrapper.cfbundle; includeInIndex = 0; path = "actions&outletsTests.xctest"; sourceTree = BUILT_PRODUCTS_DIR; };
		BD85A3A52891A86200892E4A /* actions_outletsTests.swift */ = {isa = PBXFileReference; lastKnownFileType = sourcecode.swift; path = actions_outletsTests.swift; sourceTree = "<group>"; };
		BD85A3AB2891A86200892E4A /* actions&outletsUITests.xctest */ = {isa = PBXFileReference; explicitFileType = wrapper.cfbundle; includeInIndex = 0; path = "actions&outletsUITests.xctest"; sourceTree = BUILT_PRODUCTS_DIR; };
		BD85A3AF2891A86200892E4A /* actions_outletsUITests.swift */ = {isa = PBXFileReference; lastKnownFileType = sourcecode.swift; path = actions_outletsUITests.swift; sourceTree = "<group>"; };
		BD85A3B12891A86200892E4A /* actions_outletsUITestsLaunchTests.swift */ = {isa = PBXFileReference; lastKnownFileType = sourcecode.swift; path = actions_outletsUITestsLaunchTests.swift; sourceTree = "<group>"; };
/* End PBXFileReference section */

/* Begin PBXFrameworksBuildPhase section */
		BD85A3852891A86100892E4A /* Frameworks */ = {
			isa = PBXFrameworksBuildPhase;
			buildActionMask = 2147483647;
			files = (
			);
			runOnlyForDeploymentPostprocessing = 0;
		};
		BD85A39E2891A86200892E4A /* Frameworks */ = {
			isa = PBXFrameworksBuildPhase;
			buildActionMask = 2147483647;
			files = (
			);
			runOnlyForDeploymentPostprocessing = 0;
		};
		BD85A3A82891A86200892E4A /* Frameworks */ = {
			isa = PBXFrameworksBuildPhase;
			buildActionMask = 2147483647;
			files = (
			);
			runOnlyForDeploymentPostprocessing = 0;
		};
/* End PBXFrameworksBuildPhase section */

/* Begin PBXGroup section */
		BD85A37F2891A86100892E4A = {
			isa = PBXGroup;
			children = (
				BD85A38A2891A86100892E4A /* actions&outlets */,
				BD85A3A42891A86200892E4A /* actions&outletsTests */,
				BD85A3AE2891A86200892E4A /* actions&outletsUITests */,
				BD85A3892891A86100892E4A /* Products */,
			);
			sourceTree = "<group>";
		};
		BD85A3892891A86100892E4A /* Products */ = {
			isa = PBXGroup;
			children = (
				BD85A3882891A86100892E4A /* actions&outlets.app */,
				BD85A3A12891A86200892E4A /* actions&outletsTests.xctest */,
				BD85A3AB2891A86200892E4A /* actions&outletsUITests.xctest */,
			);
			name = Products;
			sourceTree = "<group>";
		};
		BD85A38A2891A86100892E4A /* actions&outlets */ = {
			isa = PBXGroup;
			children = (
				BD85A38B2891A86100892E4A /* AppDelegate.swift */,
				BD85A38D2891A86100892E4A /* SceneDelegate.swift */,
				BD85A38F2891A86100892E4A /* ViewController.swift */,
				BD85A3912891A86100892E4A /* Main.storyboard */,
				BD85A3972891A86200892E4A /* Assets.xcassets */,
				BD85A3992891A86200892E4A /* LaunchScreen.storyboard */,
				BD85A39C2891A86200892E4A /* Info.plist */,
				BD85A3942891A86100892E4A /* actions_outlets.xcdatamodeld */,
			);
			path = "actions&outlets";
			sourceTree = "<group>";
		};
		BD85A3A42891A86200892E4A /* actions&outletsTests */ = {
			isa = PBXGroup;
			children = (
				BD85A3A52891A86200892E4A /* actions_outletsTests.swift */,
			);
			path = "actions&outletsTests";
			sourceTree = "<group>";
		};
		BD85A3AE2891A86200892E4A /* actions&outletsUITests */ = {
			isa = PBXGroup;
			children = (
				BD85A3AF2891A86200892E4A /* actions_outletsUITests.swift */,
				BD85A3B12891A86200892E4A /* actions_outletsUITestsLaunchTests.swift */,
			);
			path = "actions&outletsUITests";
			sourceTree = "<group>";
		};
/* End PBXGroup section */

/* Begin PBXNativeTarget section */
		BD85A3872891A86100892E4A /* actions&outlets */ = {
			isa = PBXNativeTarget;
			buildConfigurationList = BD85A3B52891A86200892E4A /* Build configuration list for PBXNativeTarget "actions&outlets" */;
			buildPhases = (
				BD85A3842891A86100892E4A /* Sources */,
				BD85A3852891A86100892E4A /* Frameworks */,
				BD85A3862891A86100892E4A /* Resources */,
			);
			buildRules = (
			);
			dependencies = (
			);
			name = "actions&outlets";
			productName = "actions&outlets";
			productReference = BD85A3882891A86100892E4A /* actions&outlets.app */;
			productType = "com.apple.product-type.application";
		};
		BD85A3A02891A86200892E4A /* actions&outletsTests */ = {
			isa = PBXNativeTarget;
			buildConfigurationList = BD85A3B82891A86200892E4A /* Build configuration list for PBXNativeTarget "actions&outletsTests" */;
			buildPhases = (
				BD85A39D2891A86200892E4A /* Sources */,
				BD85A39E2891A86200892E4A /* Frameworks */,
				BD85A39F2891A86200892E4A /* Resources */,
			);
			buildRules = (
			);
			dependencies = (
				BD85A3A32891A86200892E4A /* PBXTargetDependency */,
			);
			name = "actions&outletsTests";
			productName = "actions&outletsTests";
			productReference = BD85A3A12891A86200892E4A /* actions&outletsTests.xctest */;
			productType = "com.apple.product-type.bundle.unit-test";
		};
		BD85A3AA2891A86200892E4A /* actions&outletsUITests */ = {
			isa = PBXNativeTarget;
			buildConfigurationList = BD85A3BB2891A86200892E4A /* Build configuration list for PBXNativeTarget "actions&outletsUITests" */;
			buildPhases = (
				BD85A3A72891A86200892E4A /* Sources */,
				BD85A3A82891A86200892E4A /* Frameworks */,
				BD85A3A92891A86200892E4A /* Resources */,
			);
			buildRules = (
			);
			dependencies = (
				BD85A3AD2891A86200892E4A /* PBXTargetDependency */,
			);
			name = "actions&outletsUITests";
			productName = "actions&outletsUITests";
			productReference = BD85A3AB2891A86200892E4A /* actions&outletsUITests.xctest */;
			productType = "com.apple.product-type.bundle.ui-testing";
		};
/* End PBXNativeTarget section */

/* Begin PBXProject section */
		BD85A3802891A86100892E4A /* Project object */ = {
			isa = PBXProject;
			attributes = {
				BuildIndependentTargetsInParallel = 1;
				LastSwiftUpdateCheck = 1340;
				LastUpgradeCheck = 1340;
				TargetAttributes = {
					BD85A3872891A86100892E4A = {
						CreatedOnToolsVersion = 13.4.1;
					};
					BD85A3A02891A86200892E4A = {
						CreatedOnToolsVersion = 13.4.1;
						TestTargetID = BD85A3872891A86100892E4A;
					};
					BD85A3AA2891A86200892E4A = {
						CreatedOnToolsVersion = 13.4.1;
						TestTargetID = BD85A3872891A86100892E4A;
					};
				};
			};
			buildConfigurationList = BD85A3832891A86100892E4A /* Build configuration list for PBXProject "actions&outlets" */;
			compatibilityVersion = "Xcode 13.0";
			developmentRegion = en;
			hasScannedForEncodings = 0;
			knownRegions = (
				en,
				Base,
			);
			mainGroup = BD85A37F2891A86100892E4A;
			productRefGroup = BD85A3892891A86100892E4A /* Products */;
			projectDirPath = "";
			projectRoot = "";
			targets = (
				BD85A3872891A86100892E4A /* actions&outlets */,
				BD85A3A02891A86200892E4A /* actions&outletsTests */,
				BD85A3AA2891A86200892E4A /* actions&outletsUITests */,
			);
		};
/* End PBXProject section */

/* Begin PBXResourcesBuildPhase section */
		BD85A3862891A86100892E4A /* Resources */ = {
			isa = PBXResourcesBuildPhase;
			buildActionMask = 2147483647;
			files = (
				BD85A39B2891A86200892E4A /* LaunchScreen.storyboard in Resources */,
				BD85A3982891A86200892E4A /* Assets.xcassets in Resources */,
				BD85A3932891A86100892E4A /* Main.storyboard in Resources */,
			);
			runOnlyForDeploymentPostprocessing = 0;
		};
		BD85A39F2891A86200892E4A /* Resources */ = {
			isa = PBXResourcesBuildPhase;
			buildActionMask = 2147483647;
			files = (
			);
			runOnlyForDeploymentPostprocessing = 0;
		};
		BD85A3A92891A86200892E4A /* Resources */ = {
			isa = PBXResourcesBuildPhase;
			buildActionMask = 2147483647;
			files = (
			);
			runOnlyForDeploymentPostprocessing = 0;
		};
/* End PBXResourcesBuildPhase section */

/* Begin PBXSourcesBuildPhase section */
		BD85A3842891A86100892E4A /* Sources */ = {
			isa = PBXSourcesBuildPhase;
			buildActionMask = 2147483647;
			files = (
				BD85A3962891A86100892E4A /* actions_outlets.xcdatamodeld in Sources */,
				BD85A3902891A86100892E4A /* ViewController.swift in Sources */,
				BD85A38C2891A86100892E4A /* AppDelegate.swift in Sources */,
				BD85A38E2891A86100892E4A /* SceneDelegate.swift in Sources */,
			);
			runOnlyForDeploymentPostprocessing = 0;
		};
		BD85A39D2891A86200892E4A /* Sources */ = {
			isa = PBXSourcesBuildPhase;
			buildActionMask = 2147483647;
			files = (
				BD85A3A62891A86200892E4A /* actions_outletsTests.swift in Sources */,
			);
			runOnlyForDeploymentPostprocessing = 0;
		};
		BD85A3A72891A86200892E4A /* Sources */ = {
			isa = PBXSourcesBuildPhase;
			buildActionMask = 2147483647;
			files = (
				BD85A3B02891A86200892E4A /* actions_outletsUITests.swift in Sources */,
				BD85A3B22891A86200892E4A /* actions_outletsUITestsLaunchTests.swift in Sources */,
			);
			runOnlyForDeploymentPostprocessing = 0;
		};
/* End PBXSourcesBuildPhase section */

/* Begin PBXTargetDependency section */
		BD85A3A32891A86200892E4A /* PBXTargetDependency */ = {
			isa = PBXTargetDependency;
			target = BD85A3872891A86100892E4A /* actions&outlets */;
			targetProxy = BD85A3A22891A86200892E4A /* PBXContainerItemProxy */;
		};
		BD85A3AD2891A86200892E4A /* PBXTargetDependency */ = {
			isa = PBXTargetDependency;
			target = BD85A3872891A86100892E4A /* actions&outlets */;
			targetProxy = BD85A3AC2891A86200892E4A /* PBXContainerItemProxy */;
		};
/* End PBXTargetDependency section */

/* Begin PBXVariantGroup section */
		BD85A3912891A86100892E4A /* Main.storyboard */ = {
			isa = PBXVariantGroup;
			children = (
				BD85A3922891A86100892E4A /* Base */,
			);
			name = Main.storyboard;
			sourceTree = "<group>";
		};
		BD85A3992891A86200892E4A /* LaunchScreen.storyboard */ = {
			isa = PBXVariantGroup;
			children = (
				BD85A39A2891A86200892E4A /* Base */,
			);
			name = LaunchScreen.storyboard;
			sourceTree = "<group>";
		};
/* End PBXVariantGroup section */

/* Begin XCBuildConfiguration section */
		BD85A3B32891A86200892E4A /* Debug */ = {
			isa = XCBuildConfiguration;
			buildSettings = {
				ALWAYS_SEARCH_USER_PATHS = NO;
				CLANG_ANALYZER_NONNULL = YES;
				CLANG_ANALYZER_NUMBER_OBJECT_CONVERSION = YES_AGGRESSIVE;
				CLANG_CXX_LANGUAGE_STANDARD = "gnu++17";
				CLANG_ENABLE_MODULES = YES;
				CLANG_ENABLE_OBJC_ARC = YES;
				CLANG_ENABLE_OBJC_WEAK = YES;
				CLANG_WARN_BLOCK_CAPTURE_AUTORELEASING = YES;
				CLANG_WARN_BOOL_CONVERSION = YES;
				CLANG_WARN_COMMA = YES;
				CLANG_WARN_CONSTANT_CONVERSION = YES;
				CLANG_WARN_DEPRECATED_OBJC_IMPLEMENTATIONS = YES;
				CLANG_WARN_DIRECT_OBJC_ISA_USAGE = YES_ERROR;
				CLANG_WARN_DOCUMENTATION_COMMENTS = YES;
				CLANG_WARN_EMPTY_BODY = YES;
				CLANG_WARN_ENUM_CONVERSION = YES;
				CLANG_WARN_INFINITE_RECURSION = YES;
				CLANG_WARN_INT_CONVERSION = YES;
				CLANG_WARN_NON_LITERAL_NULL_CONVERSION = YES;
				CLANG_WARN_OBJC_IMPLICIT_RETAIN_SELF = YES;
				CLANG_WARN_OBJC_LITERAL_CONVERSION = YES;
				CLANG_WARN_OBJC_ROOT_CLASS = YES_ERROR;
				CLANG_WARN_QUOTED_INCLUDE_IN_FRAMEWORK_HEADER = YES;
				CLANG_WARN_RANGE_LOOP_ANALYSIS = YES;
				CLANG_WARN_STRICT_PROTOTYPES = YES;
				CLANG_WARN_SUSPICIOUS_MOVE = YES;
				CLANG_WARN_UNGUARDED_AVAILABILITY = YES_AGGRESSIVE;
				CLANG_WARN_UNREACHABLE_CODE = YES;
				CLANG_WARN__DUPLICATE_METHOD_MATCH = YES;
				COPY_PHASE_STRIP = NO;
				DEBUG_INFORMATION_FORMAT = dwarf;
				ENABLE_STRICT_OBJC_MSGSEND = YES;
				ENABLE_TESTABILITY = YES;
				GCC_C_LANGUAGE_STANDARD = gnu11;
				GCC_DYNAMIC_NO_PIC = NO;
				GCC_NO_COMMON_BLOCKS = YES;
				GCC_OPTIMIZATION_LEVEL = 0;
				GCC_PREPROCESSOR_DEFINITIONS = (
					"DEBUG=1",
					"$(inherited)",
				);
				GCC_WARN_64_TO_32_BIT_CONVERSION = YES;
				GCC_WARN_ABOUT_RETURN_TYPE = YES_ERROR;
				GCC_WARN_UNDECLARED_SELECTOR = YES;
				GCC_WARN_UNINITIALIZED_AUTOS = YES_AGGRESSIVE;
				GCC_WARN_UNUSED_FUNCTION = YES;
				GCC_WARN_UNUSED_VARIABLE = YES;
				IPHONEOS_DEPLOYMENT_TARGET = 15.5;
				MTL_ENABLE_DEBUG_INFO = INCLUDE_SOURCE;
				MTL_FAST_MATH = YES;
				ONLY_ACTIVE_ARCH = YES;
				SDKROOT = iphoneos;
				SWIFT_ACTIVE_COMPILATION_CONDITIONS = DEBUG;
				SWIFT_OPTIMIZATION_LEVEL = "-Onone";
			};
			name = Debug;
		};
		BD85A3B42891A86200892E4A /* Release */ = {
			isa = XCBuildConfiguration;
			buildSettings = {
				ALWAYS_SEARCH_USER_PATHS = NO;
				CLANG_ANALYZER_NONNULL = YES;
				CLANG_ANALYZER_NUMBER_OBJECT_CONVERSION = YES_AGGRESSIVE;
				CLANG_CXX_LANGUAGE_STANDARD = "gnu++17";
				CLANG_ENABLE_MODULES = YES;
				CLANG_ENABLE_OBJC_ARC = YES;
				CLANG_ENABLE_OBJC_WEAK = YES;
				CLANG_WARN_BLOCK_CAPTURE_AUTORELEASING = YES;
				CLANG_WARN_BOOL_CONVERSION = YES;
				CLANG_WARN_COMMA = YES;
				CLANG_WARN_CONSTANT_CONVERSION = YES;
				CLANG_WARN_DEPRECATED_OBJC_IMPLEMENTATIONS = YES;
				CLANG_WARN_DIRECT_OBJC_ISA_USAGE = YES_ERROR;
				CLANG_WARN_DOCUMENTATION_COMMENTS = YES;
				CLANG_WARN_EMPTY_BODY = YES;
				CLANG_WARN_ENUM_CONVERSION = YES;
				CLANG_WARN_INFINITE_RECURSION = YES;
				CLANG_WARN_INT_CONVERSION = YES;
				CLANG_WARN_NON_LITERAL_NULL_CONVERSION = YES;
				CLANG_WARN_OBJC_IMPLICIT_RETAIN_SELF = YES;
				CLANG_WARN_OBJC_LITERAL_CONVERSION = YES;
				CLANG_WARN_OBJC_ROOT_CLASS = YES_ERROR;
				CLANG_WARN_QUOTED_INCLUDE_IN_FRAMEWORK_HEADER = YES;
				CLANG_WARN_RANGE_LOOP_ANALYSIS = YES;
				CLANG_WARN_STRICT_PROTOTYPES = YES;
				CLANG_WARN_SUSPICIOUS_MOVE = YES;
				CLANG_WARN_UNGUARDED_AVAILABILITY = YES_AGGRESSIVE;
				CLANG_WARN_UNREACHABLE_CODE = YES;
				CLANG_WARN__DUPLICATE_METHOD_MATCH = YES;
				COPY_PHASE_STRIP = NO;
				DEBUG_INFORMATION_FORMAT = "dwarf-with-dsym";
				ENABLE_NS_ASSERTIONS = NO;
				ENABLE_STRICT_OBJC_MSGSEND = YES;
				GCC_C_LANGUAGE_STANDARD = gnu11;
				GCC_NO_COMMON_BLOCKS = YES;
				GCC_WARN_64_TO_32_BIT_CONVERSION = YES;
				GCC_WARN_ABOUT_RETURN_TYPE = YES_ERROR;
				GCC_WARN_UNDECLARED_SELECTOR = YES;
				GCC_WARN_UNINITIALIZED_AUTOS = YES_AGGRESSIVE;
				GCC_WARN_UNUSED_FUNCTION = YES;
				GCC_WARN_UNUSED_VARIABLE = YES;
				IPHONEOS_DEPLOYMENT_TARGET = 15.5;
				MTL_ENABLE_DEBUG_INFO = NO;
				MTL_FAST_MATH = YES;
				SDKROOT = iphoneos;
				SWIFT_COMPILATION_MODE = wholemodule;
				SWIFT_OPTIMIZATION_LEVEL = "-O";
				VALIDATE_PRODUCT = YES;
			};
			name = Release;
		};
		BD85A3B62891A86200892E4A /* Debug */ = {
			isa = XCBuildConfiguration;
			buildSettings = {
				ASSETCATALOG_COMPILER_APPICON_NAME = AppIcon;
				ASSETCATALOG_COMPILER_GLOBAL_ACCENT_COLOR_NAME = AccentColor;
				CODE_SIGN_STYLE = Automatic;
				CURRENT_PROJECT_VERSION = 1;
				GENERATE_INFOPLIST_FILE = YES;
				INFOPLIST_FILE = "actions&outlets/Info.plist";
				INFOPLIST_KEY_UIApplicationSupportsIndirectInputEvents = YES;
				INFOPLIST_KEY_UILaunchStoryboardName = LaunchScreen;
				INFOPLIST_KEY_UIMainStoryboardFile = Main;
				INFOPLIST_KEY_UISupportedInterfaceOrientations_iPad = "UIInterfaceOrientationPortrait UIInterfaceOrientationPortraitUpsideDown UIInterfaceOrientationLandscapeLeft UIInterfaceOrientationLandscapeRight";
				INFOPLIST_KEY_UISupportedInterfaceOrientations_iPhone = "UIInterfaceOrientationPortrait UIInterfaceOrientationLandscapeLeft UIInterfaceOrientationLandscapeRight";
				LD_RUNPATH_SEARCH_PATHS = (
					"$(inherited)",
					"@executable_path/Frameworks",
				);
				MARKETING_VERSION = 1.0;
				PRODUCT_BUNDLE_IDENTIFIER = "kwk.actions-outlets";
				PRODUCT_NAME = "$(TARGET_NAME)";
				SWIFT_EMIT_LOC_STRINGS = YES;
				SWIFT_VERSION = 5.0;
				TARGETED_DEVICE_FAMILY = "1,2";
			};
			name = Debug;
		};
		BD85A3B72891A86200892E4A /* Release */ = {
			isa = XCBuildConfiguration;
			buildSettings = {
				ASSETCATALOG_COMPILER_APPICON_NAME = AppIcon;
				ASSETCATALOG_COMPILER_GLOBAL_ACCENT_COLOR_NAME = AccentColor;
				CODE_SIGN_STYLE = Automatic;
				CURRENT_PROJECT_VERSION = 1;
				GENERATE_INFOPLIST_FILE = YES;
				INFOPLIST_FILE = "actions&outlets/Info.plist";
				INFOPLIST_KEY_UIApplicationSupportsIndirectInputEvents = YES;
				INFOPLIST_KEY_UILaunchStoryboardName = LaunchScreen;
				INFOPLIST_KEY_UIMainStoryboardFile = Main;
				INFOPLIST_KEY_UISupportedInterfaceOrientations_iPad = "UIInterfaceOrientationPortrait UIInterfaceOrientationPortraitUpsideDown UIInterfaceOrientationLandscapeLeft UIInterfaceOrientationLandscapeRight";
				INFOPLIST_KEY_UISupportedInterfaceOrientations_iPhone = "UIInterfaceOrientationPortrait UIInterfaceOrientationLandscapeLeft UIInterfaceOrientationLandscapeRight";
				LD_RUNPATH_SEARCH_PATHS = (
					"$(inherited)",
					"@executable_path/Frameworks",
				);
				MARKETING_VERSION = 1.0;
				PRODUCT_BUNDLE_IDENTIFIER = "kwk.actions-outlets";
				PRODUCT_NAME = "$(TARGET_NAME)";
				SWIFT_EMIT_LOC_STRINGS = YES;
				SWIFT_VERSION = 5.0;
				TARGETED_DEVICE_FAMILY = "1,2";
			};
			name = Release;
		};
		BD85A3B92891A86200892E4A /* Debug */ = {
			isa = XCBuildConfiguration;
			buildSettings = {
				ALWAYS_EMBED_SWIFT_STANDARD_LIBRARIES = YES;
				BUNDLE_LOADER = "$(TEST_HOST)";
				CODE_SIGN_STYLE = Automatic;
				CURRENT_PROJECT_VERSION = 1;
				GENERATE_INFOPLIST_FILE = YES;
				IPHONEOS_DEPLOYMENT_TARGET = 15.5;
				MARKETING_VERSION = 1.0;
				PRODUCT_BUNDLE_IDENTIFIER = "kwk.actions-outletsTests";
				PRODUCT_NAME = "$(TARGET_NAME)";
				SWIFT_EMIT_LOC_STRINGS = NO;
				SWIFT_VERSION = 5.0;
				TARGETED_DEVICE_FAMILY = "1,2";
				TEST_HOST = "$(BUILT_PRODUCTS_DIR)/actions&outlets.app/actions&outlets";
			};
			name = Debug;
		};
		BD85A3BA2891A86200892E4A /* Release */ = {
			isa = XCBuildConfiguration;
			buildSettings = {
				ALWAYS_EMBED_SWIFT_STANDARD_LIBRARIES = YES;
				BUNDLE_LOADER = "$(TEST_HOST)";
				CODE_SIGN_STYLE = Automatic;
				CURRENT_PROJECT_VERSION = 1;
				GENERATE_INFOPLIST_FILE = YES;
				IPHONEOS_DEPLOYMENT_TARGET = 15.5;
				MARKETING_VERSION = 1.0;
				PRODUCT_BUNDLE_IDENTIFIER = "kwk.actions-outletsTests";
				PRODUCT_NAME = "$(TARGET_NAME)";
				SWIFT_EMIT_LOC_STRINGS = NO;
				SWIFT_VERSION = 5.0;
				TARGETED_DEVICE_FAMILY = "1,2";
				TEST_HOST = "$(BUILT_PRODUCTS_DIR)/actions&outlets.app/actions&outlets";
			};
			name = Release;
		};
		BD85A3BC2891A86200892E4A /* Debug */ = {
			isa = XCBuildConfiguration;
			buildSettings = {
				ALWAYS_EMBED_SWIFT_STANDARD_LIBRARIES = YES;
				CODE_SIGN_STYLE = Automatic;
				CURRENT_PROJECT_VERSION = 1;
				GENERATE_INFOPLIST_FILE = YES;
				MARKETING_VERSION = 1.0;
				PRODUCT_BUNDLE_IDENTIFIER = "kwk.actions-outletsUITests";
				PRODUCT_NAME = "$(TARGET_NAME)";
				SWIFT_EMIT_LOC_STRINGS = NO;
				SWIFT_VERSION = 5.0;
				TARGETED_DEVICE_FAMILY = "1,2";
				TEST_TARGET_NAME = "actions&outlets";
			};
			name = Debug;
		};
		BD85A3BD2891A86200892E4A /* Release */ = {
			isa = XCBuildConfiguration;
			buildSettings = {
				ALWAYS_EMBED_SWIFT_STANDARD_LIBRARIES = YES;
				CODE_SIGN_STYLE = Automatic;
				CURRENT_PROJECT_VERSION = 1;
				GENERATE_INFOPLIST_FILE = YES;
				MARKETING_VERSION = 1.0;
				PRODUCT_BUNDLE_IDENTIFIER = "kwk.actions-outletsUITests";
				PRODUCT_NAME = "$(TARGET_NAME)";
				SWIFT_EMIT_LOC_STRINGS = NO;
				SWIFT_VERSION = 5.0;
				TARGETED_DEVICE_FAMILY = "1,2";
				TEST_TARGET_NAME = "actions&outlets";
			};
			name = Release;
		};
/* End XCBuildConfiguration section */

/* Begin XCConfigurationList section */
		BD85A3832891A86100892E4A /* Build configuration list for PBXProject "actions&outlets" */ = {
			isa = XCConfigurationList;
			buildConfigurations = (
				BD85A3B32891A86200892E4A /* Debug */,
				BD85A3B42891A86200892E4A /* Release */,
			);
			defaultConfigurationIsVisible = 0;
			defaultConfigurationName = Release;
		};
		BD85A3B52891A86200892E4A /* Build configuration list for PBXNativeTarget "actions&outlets" */ = {
			isa = XCConfigurationList;
			buildConfigurations = (
				BD85A3B62891A86200892E4A /* Debug */,
				BD85A3B72891A86200892E4A /* Release */,
			);
			defaultConfigurationIsVisible = 0;
			defaultConfigurationName = Release;
		};
		BD85A3B82891A86200892E4A /* Build configuration list for PBXNativeTarget "actions&outletsTests" */ = {
			isa = XCConfigurationList;
			buildConfigurations = (
				BD85A3B92891A86200892E4A /* Debug */,
				BD85A3BA2891A86200892E4A /* Release */,
			);
			defaultConfigurationIsVisible = 0;
			defaultConfigurationName = Release;
		};
		BD85A3BB2891A86200892E4A /* Build configuration list for PBXNativeTarget "actions&outletsUITests" */ = {
			isa = XCConfigurationList;
			buildConfigurations = (
				BD85A3BC2891A86200892E4A /* Debug */,
				BD85A3BD2891A86200892E4A /* Release */,
			);
			defaultConfigurationIsVisible = 0;
			defaultConfigurationName = Release;
		};
/* End XCConfigurationList section */

/* Begin XCVersionGroup section */
		BD85A3942891A86100892E4A /* actions_outlets.xcdatamodeld */ = {
			isa = XCVersionGroup;
			children = (
				BD85A3952891A86100892E4A /* actions_outlets.xcdatamodel */,
			);
			currentVersion = BD85A3952891A86100892E4A /* actions_outlets.xcdatamodel */;
			path = actions_outlets.xcdatamodeld;
			sourceTree = "<group>";
			versionGroupType = wrapper.xcdatamodel;
		};
/* End XCVersionGroup section */
	};
	rootObject = BD85A3802891A86100892E4A /* Project object */;
}
