// !$*UTF8*$!
{
	archiveVersion = 1;
	classes = {
	};
	objectVersion = 55;
	objects = {

/* Begin PBXBuildFile section */
		BD55D93D2892C742009A2B3F /* AppDelegate.swift in Sources */ = {isa = PBXBuildFile; fileRef = BD55D93C2892C742009A2B3F /* AppDelegate.swift */; };
		BD55D93F2892C742009A2B3F /* SceneDelegate.swift in Sources */ = {isa = PBXBuildFile; fileRef = BD55D93E2892C742009A2B3F /* SceneDelegate.swift */; };
		BD55D9412892C742009A2B3F /* ViewController.swift in Sources */ = {isa = PBXBuildFile; fileRef = BD55D9402892C742009A2B3F /* ViewController.swift */; };
		BD55D9442892C742009A2B3F /* Main.storyboard in Resources */ = {isa = PBXBuildFile; fileRef = BD55D9422892C742009A2B3F /* Main.storyboard */; };
		BD55D9472892C742009A2B3F /* Intro_to_Segues.xcdatamodeld in Sources */ = {isa = PBXBuildFile; fileRef = BD55D9452892C742009A2B3F /* Intro_to_Segues.xcdatamodeld */; };
		BD55D9492892C744009A2B3F /* Assets.xcassets in Resources */ = {isa = PBXBuildFile; fileRef = BD55D9482892C744009A2B3F /* Assets.xcassets */; };
		BD55D94C2892C744009A2B3F /* LaunchScreen.storyboard in Resources */ = {isa = PBXBuildFile; fileRef = BD55D94A2892C744009A2B3F /* LaunchScreen.storyboard */; };
		BD55D9572892C744009A2B3F /* Intro_to_SeguesTests.swift in Sources */ = {isa = PBXBuildFile; fileRef = BD55D9562892C744009A2B3F /* Intro_to_SeguesTests.swift */; };
		BD55D9612892C744009A2B3F /* Intro_to_SeguesUITests.swift in Sources */ = {isa = PBXBuildFile; fileRef = BD55D9602892C744009A2B3F /* Intro_to_SeguesUITests.swift */; };
		BD55D9632892C744009A2B3F /* Intro_to_SeguesUITestsLaunchTests.swift in Sources */ = {isa = PBXBuildFile; fileRef = BD55D9622892C744009A2B3F /* Intro_to_SeguesUITestsLaunchTests.swift */; };
		BD55D9702892CC37009A2B3F /* SecondViewController.swift in Sources */ = {isa = PBXBuildFile; fileRef = BD55D96F2892CC37009A2B3F /* SecondViewController.swift */; };
/* End PBXBuildFile section */

/* Begin PBXContainerItemProxy section */
		BD55D9532892C744009A2B3F /* PBXContainerItemProxy */ = {
			isa = PBXContainerItemProxy;
			containerPortal = BD55D9312892C742009A2B3F /* Project object */;
			proxyType = 1;
			remoteGlobalIDString = BD55D9382892C742009A2B3F;
			remoteInfo = "Intro-to-Segues";
		};
		BD55D95D2892C744009A2B3F /* PBXContainerItemProxy */ = {
			isa = PBXContainerItemProxy;
			containerPortal = BD55D9312892C742009A2B3F /* Project object */;
			proxyType = 1;
			remoteGlobalIDString = BD55D9382892C742009A2B3F;
			remoteInfo = "Intro-to-Segues";
		};
/* End PBXContainerItemProxy section */

/* Begin PBXFileReference section */
		BD55D9392892C742009A2B3F /* Intro-to-Segues.app */ = {isa = PBXFileReference; explicitFileType = wrapper.application; includeInIndex = 0; path = "Intro-to-Segues.app"; sourceTree = BUILT_PRODUCTS_DIR; };
		BD55D93C2892C742009A2B3F /* AppDelegate.swift */ = {isa = PBXFileReference; lastKnownFileType = sourcecode.swift; path = AppDelegate.swift; sourceTree = "<group>"; };
		BD55D93E2892C742009A2B3F /* SceneDelegate.swift */ = {isa = PBXFileReference; lastKnownFileType = sourcecode.swift; path = SceneDelegate.swift; sourceTree = "<group>"; };
		BD55D9402892C742009A2B3F /* ViewController.swift */ = {isa = PBXFileReference; lastKnownFileType = sourcecode.swift; path = ViewController.swift; sourceTree = "<group>"; };
		BD55D9432892C742009A2B3F /* Base */ = {isa = PBXFileReference; lastKnownFileType = file.storyboard; name = Base; path = Base.lproj/Main.storyboard; sourceTree = "<group>"; };
		BD55D9462892C742009A2B3F /* Intro_to_Segues.xcdatamodel */ = {isa = PBXFileReference; lastKnownFileType = wrapper.xcdatamodel; path = Intro_to_Segues.xcdatamodel; sourceTree = "<group>"; };
		BD55D9482892C744009A2B3F /* Assets.xcassets */ = {isa = PBXFileReference; lastKnownFileType = folder.assetcatalog; path = Assets.xcassets; sourceTree = "<group>"; };
		BD55D94B2892C744009A2B3F /* Base */ = {isa = PBXFileReference; lastKnownFileType = file.storyboard; name = Base; path = Base.lproj/LaunchScreen.storyboard; sourceTree = "<group>"; };
		BD55D94D2892C744009A2B3F /* Info.plist */ = {isa = PBXFileReference; lastKnownFileType = text.plist.xml; path = Info.plist; sourceTree = "<group>"; };
		BD55D9522892C744009A2B3F /* Intro-to-SeguesTests.xctest */ = {isa = PBXFileReference; explicitFileType = wrapper.cfbundle; includeInIndex = 0; path = "Intro-to-SeguesTests.xctest"; sourceTree = BUILT_PRODUCTS_DIR; };
		BD55D9562892C744009A2B3F /* Intro_to_SeguesTests.swift */ = {isa = PBXFileReference; lastKnownFileType = sourcecode.swift; path = Intro_to_SeguesTests.swift; sourceTree = "<group>"; };
		BD55D95C2892C744009A2B3F /* Intro-to-SeguesUITests.xctest */ = {isa = PBXFileReference; explicitFileType = wrapper.cfbundle; includeInIndex = 0; path = "Intro-to-SeguesUITests.xctest"; sourceTree = BUILT_PRODUCTS_DIR; };
		BD55D9602892C744009A2B3F /* Intro_to_SeguesUITests.swift */ = {isa = PBXFileReference; lastKnownFileType = sourcecode.swift; path = Intro_to_SeguesUITests.swift; sourceTree = "<group>"; };
		BD55D9622892C744009A2B3F /* Intro_to_SeguesUITestsLaunchTests.swift */ = {isa = PBXFileReference; lastKnownFileType = sourcecode.swift; path = Intro_to_SeguesUITestsLaunchTests.swift; sourceTree = "<group>"; };
		BD55D96F2892CC37009A2B3F /* SecondViewController.swift */ = {isa = PBXFileReference; lastKnownFileType = sourcecode.swift; path = SecondViewController.swift; sourceTree = "<group>"; };
/* End PBXFileReference section */

/* Begin PBXFrameworksBuildPhase section */
		BD55D9362892C742009A2B3F /* Frameworks */ = {
			isa = PBXFrameworksBuildPhase;
			buildActionMask = 2147483647;
			files = (
			);
			runOnlyForDeploymentPostprocessing = 0;
		};
		BD55D94F2892C744009A2B3F /* Frameworks */ = {
			isa = PBXFrameworksBuildPhase;
			buildActionMask = 2147483647;
			files = (
			);
			runOnlyForDeploymentPostprocessing = 0;
		};
		BD55D9592892C744009A2B3F /* Frameworks */ = {
			isa = PBXFrameworksBuildPhase;
			buildActionMask = 2147483647;
			files = (
			);
			runOnlyForDeploymentPostprocessing = 0;
		};
/* End PBXFrameworksBuildPhase section */

/* Begin PBXGroup section */
		BD55D9302892C742009A2B3F = {
			isa = PBXGroup;
			children = (
				BD55D96F2892CC37009A2B3F /* SecondViewController.swift */,
				BD55D93B2892C742009A2B3F /* Intro-to-Segues */,
				BD55D9552892C744009A2B3F /* Intro-to-SeguesTests */,
				BD55D95F2892C744009A2B3F /* Intro-to-SeguesUITests */,
				BD55D93A2892C742009A2B3F /* Products */,
			);
			sourceTree = "<group>";
		};
		BD55D93A2892C742009A2B3F /* Products */ = {
			isa = PBXGroup;
			children = (
				BD55D9392892C742009A2B3F /* Intro-to-Segues.app */,
				BD55D9522892C744009A2B3F /* Intro-to-SeguesTests.xctest */,
				BD55D95C2892C744009A2B3F /* Intro-to-SeguesUITests.xctest */,
			);
			name = Products;
			sourceTree = "<group>";
		};
		BD55D93B2892C742009A2B3F /* Intro-to-Segues */ = {
			isa = PBXGroup;
			children = (
				BD55D93C2892C742009A2B3F /* AppDelegate.swift */,
				BD55D93E2892C742009A2B3F /* SceneDelegate.swift */,
				BD55D9402892C742009A2B3F /* ViewController.swift */,
				BD55D9422892C742009A2B3F /* Main.storyboard */,
				BD55D9482892C744009A2B3F /* Assets.xcassets */,
				BD55D94A2892C744009A2B3F /* LaunchScreen.storyboard */,
				BD55D94D2892C744009A2B3F /* Info.plist */,
				BD55D9452892C742009A2B3F /* Intro_to_Segues.xcdatamodeld */,
			);
			path = "Intro-to-Segues";
			sourceTree = "<group>";
		};
		BD55D9552892C744009A2B3F /* Intro-to-SeguesTests */ = {
			isa = PBXGroup;
			children = (
				BD55D9562892C744009A2B3F /* Intro_to_SeguesTests.swift */,
			);
			path = "Intro-to-SeguesTests";
			sourceTree = "<group>";
		};
		BD55D95F2892C744009A2B3F /* Intro-to-SeguesUITests */ = {
			isa = PBXGroup;
			children = (
				BD55D9602892C744009A2B3F /* Intro_to_SeguesUITests.swift */,
				BD55D9622892C744009A2B3F /* Intro_to_SeguesUITestsLaunchTests.swift */,
			);
			path = "Intro-to-SeguesUITests";
			sourceTree = "<group>";
		};
/* End PBXGroup section */

/* Begin PBXNativeTarget section */
		BD55D9382892C742009A2B3F /* Intro-to-Segues */ = {
			isa = PBXNativeTarget;
			buildConfigurationList = BD55D9662892C744009A2B3F /* Build configuration list for PBXNativeTarget "Intro-to-Segues" */;
			buildPhases = (
				BD55D9352892C742009A2B3F /* Sources */,
				BD55D9362892C742009A2B3F /* Frameworks */,
				BD55D9372892C742009A2B3F /* Resources */,
			);
			buildRules = (
			);
			dependencies = (
			);
			name = "Intro-to-Segues";
			productName = "Intro-to-Segues";
			productReference = BD55D9392892C742009A2B3F /* Intro-to-Segues.app */;
			productType = "com.apple.product-type.application";
		};
		BD55D9512892C744009A2B3F /* Intro-to-SeguesTests */ = {
			isa = PBXNativeTarget;
			buildConfigurationList = BD55D9692892C744009A2B3F /* Build configuration list for PBXNativeTarget "Intro-to-SeguesTests" */;
			buildPhases = (
				BD55D94E2892C744009A2B3F /* Sources */,
				BD55D94F2892C744009A2B3F /* Frameworks */,
				BD55D9502892C744009A2B3F /* Resources */,
			);
			buildRules = (
			);
			dependencies = (
				BD55D9542892C744009A2B3F /* PBXTargetDependency */,
			);
			name = "Intro-to-SeguesTests";
			productName = "Intro-to-SeguesTests";
			productReference = BD55D9522892C744009A2B3F /* Intro-to-SeguesTests.xctest */;
			productType = "com.apple.product-type.bundle.unit-test";
		};
		BD55D95B2892C744009A2B3F /* Intro-to-SeguesUITests */ = {
			isa = PBXNativeTarget;
			buildConfigurationList = BD55D96C2892C744009A2B3F /* Build configuration list for PBXNativeTarget "Intro-to-SeguesUITests" */;
			buildPhases = (
				BD55D9582892C744009A2B3F /* Sources */,
				BD55D9592892C744009A2B3F /* Frameworks */,
				BD55D95A2892C744009A2B3F /* Resources */,
			);
			buildRules = (
			);
			dependencies = (
				BD55D95E2892C744009A2B3F /* PBXTargetDependency */,
			);
			name = "Intro-to-SeguesUITests";
			productName = "Intro-to-SeguesUITests";
			productReference = BD55D95C2892C744009A2B3F /* Intro-to-SeguesUITests.xctest */;
			productType = "com.apple.product-type.bundle.ui-testing";
		};
/* End PBXNativeTarget section */

/* Begin PBXProject section */
		BD55D9312892C742009A2B3F /* Project object */ = {
			isa = PBXProject;
			attributes = {
				BuildIndependentTargetsInParallel = 1;
				LastSwiftUpdateCheck = 1340;
				LastUpgradeCheck = 1340;
				TargetAttributes = {
					BD55D9382892C742009A2B3F = {
						CreatedOnToolsVersion = 13.4.1;
					};
					BD55D9512892C744009A2B3F = {
						CreatedOnToolsVersion = 13.4.1;
						TestTargetID = BD55D9382892C742009A2B3F;
					};
					BD55D95B2892C744009A2B3F = {
						CreatedOnToolsVersion = 13.4.1;
						TestTargetID = BD55D9382892C742009A2B3F;
					};
				};
			};
			buildConfigurationList = BD55D9342892C742009A2B3F /* Build configuration list for PBXProject "Intro-to-Segues" */;
			compatibilityVersion = "Xcode 13.0";
			developmentRegion = en;
			hasScannedForEncodings = 0;
			knownRegions = (
				en,
				Base,
			);
			mainGroup = BD55D9302892C742009A2B3F;
			productRefGroup = BD55D93A2892C742009A2B3F /* Products */;
			projectDirPath = "";
			projectRoot = "";
			targets = (
				BD55D9382892C742009A2B3F /* Intro-to-Segues */,
				BD55D9512892C744009A2B3F /* Intro-to-SeguesTests */,
				BD55D95B2892C744009A2B3F /* Intro-to-SeguesUITests */,
			);
		};
/* End PBXProject section */

/* Begin PBXResourcesBuildPhase section */
		BD55D9372892C742009A2B3F /* Resources */ = {
			isa = PBXResourcesBuildPhase;
			buildActionMask = 2147483647;
			files = (
				BD55D94C2892C744009A2B3F /* LaunchScreen.storyboard in Resources */,
				BD55D9492892C744009A2B3F /* Assets.xcassets in Resources */,
				BD55D9442892C742009A2B3F /* Main.storyboard in Resources */,
			);
			runOnlyForDeploymentPostprocessing = 0;
		};
		BD55D9502892C744009A2B3F /* Resources */ = {
			isa = PBXResourcesBuildPhase;
			buildActionMask = 2147483647;
			files = (
			);
			runOnlyForDeploymentPostprocessing = 0;
		};
		BD55D95A2892C744009A2B3F /* Resources */ = {
			isa = PBXResourcesBuildPhase;
			buildActionMask = 2147483647;
			files = (
			);
			runOnlyForDeploymentPostprocessing = 0;
		};
/* End PBXResourcesBuildPhase section */

/* Begin PBXSourcesBuildPhase section */
		BD55D9352892C742009A2B3F /* Sources */ = {
			isa = PBXSourcesBuildPhase;
			buildActionMask = 2147483647;
			files = (
				BD55D9412892C742009A2B3F /* ViewController.swift in Sources */,
				BD55D9472892C742009A2B3F /* Intro_to_Segues.xcdatamodeld in Sources */,
				BD55D93D2892C742009A2B3F /* AppDelegate.swift in Sources */,
				BD55D9702892CC37009A2B3F /* SecondViewController.swift in Sources */,
				BD55D93F2892C742009A2B3F /* SceneDelegate.swift in Sources */,
			);
			runOnlyForDeploymentPostprocessing = 0;
		};
		BD55D94E2892C744009A2B3F /* Sources */ = {
			isa = PBXSourcesBuildPhase;
			buildActionMask = 2147483647;
			files = (
				BD55D9572892C744009A2B3F /* Intro_to_SeguesTests.swift in Sources */,
			);
			runOnlyForDeploymentPostprocessing = 0;
		};
		BD55D9582892C744009A2B3F /* Sources */ = {
			isa = PBXSourcesBuildPhase;
			buildActionMask = 2147483647;
			files = (
				BD55D9632892C744009A2B3F /* Intro_to_SeguesUITestsLaunchTests.swift in Sources */,
				BD55D9612892C744009A2B3F /* Intro_to_SeguesUITests.swift in Sources */,
			);
			runOnlyForDeploymentPostprocessing = 0;
		};
/* End PBXSourcesBuildPhase section */

/* Begin PBXTargetDependency section */
		BD55D9542892C744009A2B3F /* PBXTargetDependency */ = {
			isa = PBXTargetDependency;
			target = BD55D9382892C742009A2B3F /* Intro-to-Segues */;
			targetProxy = BD55D9532892C744009A2B3F /* PBXContainerItemProxy */;
		};
		BD55D95E2892C744009A2B3F /* PBXTargetDependency */ = {
			isa = PBXTargetDependency;
			target = BD55D9382892C742009A2B3F /* Intro-to-Segues */;
			targetProxy = BD55D95D2892C744009A2B3F /* PBXContainerItemProxy */;
		};
/* End PBXTargetDependency section */

/* Begin PBXVariantGroup section */
		BD55D9422892C742009A2B3F /* Main.storyboard */ = {
			isa = PBXVariantGroup;
			children = (
				BD55D9432892C742009A2B3F /* Base */,
			);
			name = Main.storyboard;
			sourceTree = "<group>";
		};
		BD55D94A2892C744009A2B3F /* LaunchScreen.storyboard */ = {
			isa = PBXVariantGroup;
			children = (
				BD55D94B2892C744009A2B3F /* Base */,
			);
			name = LaunchScreen.storyboard;
			sourceTree = "<group>";
		};
/* End PBXVariantGroup section */

/* Begin XCBuildConfiguration section */
		BD55D9642892C744009A2B3F /* Debug */ = {
			isa = XCBuildConfiguration;
			buildSettings = {
				ALWAYS_SEARCH_USER_PATHS = NO;
				CLANG_ANALYZER_NONNULL = YES;
				CLANG_ANALYZER_NUMBER_OBJECT_CONVERSION = YES_AGGRESSIVE;
				CLANG_CXX_LANGUAGE_STANDARD = "gnu++17";
				CLANG_ENABLE_MODULES = YES;
				CLANG_ENABLE_OBJC_ARC = YES;
				CLANG_ENABLE_OBJC_WEAK = YES;
				CLANG_WARN_BLOCK_CAPTURE_AUTORELEASING = YES;
				CLANG_WARN_BOOL_CONVERSION = YES;
				CLANG_WARN_COMMA = YES;
				CLANG_WARN_CONSTANT_CONVERSION = YES;
				CLANG_WARN_DEPRECATED_OBJC_IMPLEMENTATIONS = YES;
				CLANG_WARN_DIRECT_OBJC_ISA_USAGE = YES_ERROR;
				CLANG_WARN_DOCUMENTATION_COMMENTS = YES;
				CLANG_WARN_EMPTY_BODY = YES;
				CLANG_WARN_ENUM_CONVERSION = YES;
				CLANG_WARN_INFINITE_RECURSION = YES;
				CLANG_WARN_INT_CONVERSION = YES;
				CLANG_WARN_NON_LITERAL_NULL_CONVERSION = YES;
				CLANG_WARN_OBJC_IMPLICIT_RETAIN_SELF = YES;
				CLANG_WARN_OBJC_LITERAL_CONVERSION = YES;
				CLANG_WARN_OBJC_ROOT_CLASS = YES_ERROR;
				CLANG_WARN_QUOTED_INCLUDE_IN_FRAMEWORK_HEADER = YES;
				CLANG_WARN_RANGE_LOOP_ANALYSIS = YES;
				CLANG_WARN_STRICT_PROTOTYPES = YES;
				CLANG_WARN_SUSPICIOUS_MOVE = YES;
				CLANG_WARN_UNGUARDED_AVAILABILITY = YES_AGGRESSIVE;
				CLANG_WARN_UNREACHABLE_CODE = YES;
				CLANG_WARN__DUPLICATE_METHOD_MATCH = YES;
				COPY_PHASE_STRIP = NO;
				DEBUG_INFORMATION_FORMAT = dwarf;
				ENABLE_STRICT_OBJC_MSGSEND = YES;
				ENABLE_TESTABILITY = YES;
				GCC_C_LANGUAGE_STANDARD = gnu11;
				GCC_DYNAMIC_NO_PIC = NO;
				GCC_NO_COMMON_BLOCKS = YES;
				GCC_OPTIMIZATION_LEVEL = 0;
				GCC_PREPROCESSOR_DEFINITIONS = (
					"DEBUG=1",
					"$(inherited)",
				);
				GCC_WARN_64_TO_32_BIT_CONVERSION = YES;
				GCC_WARN_ABOUT_RETURN_TYPE = YES_ERROR;
				GCC_WARN_UNDECLARED_SELECTOR = YES;
				GCC_WARN_UNINITIALIZED_AUTOS = YES_AGGRESSIVE;
				GCC_WARN_UNUSED_FUNCTION = YES;
				GCC_WARN_UNUSED_VARIABLE = YES;
				IPHONEOS_DEPLOYMENT_TARGET = 15.5;
				MTL_ENABLE_DEBUG_INFO = INCLUDE_SOURCE;
				MTL_FAST_MATH = YES;
				ONLY_ACTIVE_ARCH = YES;
				SDKROOT = iphoneos;
				SWIFT_ACTIVE_COMPILATION_CONDITIONS = DEBUG;
				SWIFT_OPTIMIZATION_LEVEL = "-Onone";
			};
			name = Debug;
		};
		BD55D9652892C744009A2B3F /* Release */ = {
			isa = XCBuildConfiguration;
			buildSettings = {
				ALWAYS_SEARCH_USER_PATHS = NO;
				CLANG_ANALYZER_NONNULL = YES;
				CLANG_ANALYZER_NUMBER_OBJECT_CONVERSION = YES_AGGRESSIVE;
				CLANG_CXX_LANGUAGE_STANDARD = "gnu++17";
				CLANG_ENABLE_MODULES = YES;
				CLANG_ENABLE_OBJC_ARC = YES;
				CLANG_ENABLE_OBJC_WEAK = YES;
				CLANG_WARN_BLOCK_CAPTURE_AUTORELEASING = YES;
				CLANG_WARN_BOOL_CONVERSION = YES;
				CLANG_WARN_COMMA = YES;
				CLANG_WARN_CONSTANT_CONVERSION = YES;
				CLANG_WARN_DEPRECATED_OBJC_IMPLEMENTATIONS = YES;
				CLANG_WARN_DIRECT_OBJC_ISA_USAGE = YES_ERROR;
				CLANG_WARN_DOCUMENTATION_COMMENTS = YES;
				CLANG_WARN_EMPTY_BODY = YES;
				CLANG_WARN_ENUM_CONVERSION = YES;
				CLANG_WARN_INFINITE_RECURSION = YES;
				CLANG_WARN_INT_CONVERSION = YES;
				CLANG_WARN_NON_LITERAL_NULL_CONVERSION = YES;
				CLANG_WARN_OBJC_IMPLICIT_RETAIN_SELF = YES;
				CLANG_WARN_OBJC_LITERAL_CONVERSION = YES;
				CLANG_WARN_OBJC_ROOT_CLASS = YES_ERROR;
				CLANG_WARN_QUOTED_INCLUDE_IN_FRAMEWORK_HEADER = YES;
				CLANG_WARN_RANGE_LOOP_ANALYSIS = YES;
				CLANG_WARN_STRICT_PROTOTYPES = YES;
				CLANG_WARN_SUSPICIOUS_MOVE = YES;
				CLANG_WARN_UNGUARDED_AVAILABILITY = YES_AGGRESSIVE;
				CLANG_WARN_UNREACHABLE_CODE = YES;
				CLANG_WARN__DUPLICATE_METHOD_MATCH = YES;
				COPY_PHASE_STRIP = NO;
				DEBUG_INFORMATION_FORMAT = "dwarf-with-dsym";
				ENABLE_NS_ASSERTIONS = NO;
				ENABLE_STRICT_OBJC_MSGSEND = YES;
				GCC_C_LANGUAGE_STANDARD = gnu11;
				GCC_NO_COMMON_BLOCKS = YES;
				GCC_WARN_64_TO_32_BIT_CONVERSION = YES;
				GCC_WARN_ABOUT_RETURN_TYPE = YES_ERROR;
				GCC_WARN_UNDECLARED_SELECTOR = YES;
				GCC_WARN_UNINITIALIZED_AUTOS = YES_AGGRESSIVE;
				GCC_WARN_UNUSED_FUNCTION = YES;
				GCC_WARN_UNUSED_VARIABLE = YES;
				IPHONEOS_DEPLOYMENT_TARGET = 15.5;
				MTL_ENABLE_DEBUG_INFO = NO;
				MTL_FAST_MATH = YES;
				SDKROOT = iphoneos;
				SWIFT_COMPILATION_MODE = wholemodule;
				SWIFT_OPTIMIZATION_LEVEL = "-O";
				VALIDATE_PRODUCT = YES;
			};
			name = Release;
		};
		BD55D9672892C744009A2B3F /* Debug */ = {
			isa = XCBuildConfiguration;
			buildSettings = {
				ASSETCATALOG_COMPILER_APPICON_NAME = AppIcon;
				ASSETCATALOG_COMPILER_GLOBAL_ACCENT_COLOR_NAME = AccentColor;
				CODE_SIGN_STYLE = Automatic;
				CURRENT_PROJECT_VERSION = 1;
				GENERATE_INFOPLIST_FILE = YES;
				INFOPLIST_FILE = "Intro-to-Segues/Info.plist";
				INFOPLIST_KEY_UIApplicationSupportsIndirectInputEvents = YES;
				INFOPLIST_KEY_UILaunchStoryboardName = LaunchScreen;
				INFOPLIST_KEY_UIMainStoryboardFile = Main;
				INFOPLIST_KEY_UISupportedInterfaceOrientations_iPad = "UIInterfaceOrientationPortrait UIInterfaceOrientationPortraitUpsideDown UIInterfaceOrientationLandscapeLeft UIInterfaceOrientationLandscapeRight";
				INFOPLIST_KEY_UISupportedInterfaceOrientations_iPhone = "UIInterfaceOrientationPortrait UIInterfaceOrientationLandscapeLeft UIInterfaceOrientationLandscapeRight";
				LD_RUNPATH_SEARCH_PATHS = (
					"$(inherited)",
					"@executable_path/Frameworks",
				);
				MARKETING_VERSION = 1.0;
				PRODUCT_BUNDLE_IDENTIFIER = "kwk.Intro-to-Segues";
				PRODUCT_NAME = "$(TARGET_NAME)";
				SWIFT_EMIT_LOC_STRINGS = YES;
				SWIFT_VERSION = 5.0;
				TARGETED_DEVICE_FAMILY = "1,2";
			};
			name = Debug;
		};
		BD55D9682892C744009A2B3F /* Release */ = {
			isa = XCBuildConfiguration;
			buildSettings = {
				ASSETCATALOG_COMPILER_APPICON_NAME = AppIcon;
				ASSETCATALOG_COMPILER_GLOBAL_ACCENT_COLOR_NAME = AccentColor;
				CODE_SIGN_STYLE = Automatic;
				CURRENT_PROJECT_VERSION = 1;
				GENERATE_INFOPLIST_FILE = YES;
				INFOPLIST_FILE = "Intro-to-Segues/Info.plist";
				INFOPLIST_KEY_UIApplicationSupportsIndirectInputEvents = YES;
				INFOPLIST_KEY_UILaunchStoryboardName = LaunchScreen;
				INFOPLIST_KEY_UIMainStoryboardFile = Main;
				INFOPLIST_KEY_UISupportedInterfaceOrientations_iPad = "UIInterfaceOrientationPortrait UIInterfaceOrientationPortraitUpsideDown UIInterfaceOrientationLandscapeLeft UIInterfaceOrientationLandscapeRight";
				INFOPLIST_KEY_UISupportedInterfaceOrientations_iPhone = "UIInterfaceOrientationPortrait UIInterfaceOrientationLandscapeLeft UIInterfaceOrientationLandscapeRight";
				LD_RUNPATH_SEARCH_PATHS = (
					"$(inherited)",
					"@executable_path/Frameworks",
				);
				MARKETING_VERSION = 1.0;
				PRODUCT_BUNDLE_IDENTIFIER = "kwk.Intro-to-Segues";
				PRODUCT_NAME = "$(TARGET_NAME)";
				SWIFT_EMIT_LOC_STRINGS = YES;
				SWIFT_VERSION = 5.0;
				TARGETED_DEVICE_FAMILY = "1,2";
			};
			name = Release;
		};
		BD55D96A2892C744009A2B3F /* Debug */ = {
			isa = XCBuildConfiguration;
			buildSettings = {
				ALWAYS_EMBED_SWIFT_STANDARD_LIBRARIES = YES;
				BUNDLE_LOADER = "$(TEST_HOST)";
				CODE_SIGN_STYLE = Automatic;
				CURRENT_PROJECT_VERSION = 1;
				GENERATE_INFOPLIST_FILE = YES;
				IPHONEOS_DEPLOYMENT_TARGET = 15.5;
				MARKETING_VERSION = 1.0;
				PRODUCT_BUNDLE_IDENTIFIER = "kwk.Intro-to-SeguesTests";
				PRODUCT_NAME = "$(TARGET_NAME)";
				SWIFT_EMIT_LOC_STRINGS = NO;
				SWIFT_VERSION = 5.0;
				TARGETED_DEVICE_FAMILY = "1,2";
				TEST_HOST = "$(BUILT_PRODUCTS_DIR)/Intro-to-Segues.app/Intro-to-Segues";
			};
			name = Debug;
		};
		BD55D96B2892C744009A2B3F /* Release */ = {
			isa = XCBuildConfiguration;
			buildSettings = {
				ALWAYS_EMBED_SWIFT_STANDARD_LIBRARIES = YES;
				BUNDLE_LOADER = "$(TEST_HOST)";
				CODE_SIGN_STYLE = Automatic;
				CURRENT_PROJECT_VERSION = 1;
				GENERATE_INFOPLIST_FILE = YES;
				IPHONEOS_DEPLOYMENT_TARGET = 15.5;
				MARKETING_VERSION = 1.0;
				PRODUCT_BUNDLE_IDENTIFIER = "kwk.Intro-to-SeguesTests";
				PRODUCT_NAME = "$(TARGET_NAME)";
				SWIFT_EMIT_LOC_STRINGS = NO;
				SWIFT_VERSION = 5.0;
				TARGETED_DEVICE_FAMILY = "1,2";
				TEST_HOST = "$(BUILT_PRODUCTS_DIR)/Intro-to-Segues.app/Intro-to-Segues";
			};
			name = Release;
		};
		BD55D96D2892C744009A2B3F /* Debug */ = {
			isa = XCBuildConfiguration;
			buildSettings = {
				ALWAYS_EMBED_SWIFT_STANDARD_LIBRARIES = YES;
				CODE_SIGN_STYLE = Automatic;
				CURRENT_PROJECT_VERSION = 1;
				GENERATE_INFOPLIST_FILE = YES;
				MARKETING_VERSION = 1.0;
				PRODUCT_BUNDLE_IDENTIFIER = "kwk.Intro-to-SeguesUITests";
				PRODUCT_NAME = "$(TARGET_NAME)";
				SWIFT_EMIT_LOC_STRINGS = NO;
				SWIFT_VERSION = 5.0;
				TARGETED_DEVICE_FAMILY = "1,2";
				TEST_TARGET_NAME = "Intro-to-Segues";
			};
			name = Debug;
		};
		BD55D96E2892C744009A2B3F /* Release */ = {
			isa = XCBuildConfiguration;
			buildSettings = {
				ALWAYS_EMBED_SWIFT_STANDARD_LIBRARIES = YES;
				CODE_SIGN_STYLE = Automatic;
				CURRENT_PROJECT_VERSION = 1;
				GENERATE_INFOPLIST_FILE = YES;
				MARKETING_VERSION = 1.0;
				PRODUCT_BUNDLE_IDENTIFIER = "kwk.Intro-to-SeguesUITests";
				PRODUCT_NAME = "$(TARGET_NAME)";
				SWIFT_EMIT_LOC_STRINGS = NO;
				SWIFT_VERSION = 5.0;
				TARGETED_DEVICE_FAMILY = "1,2";
				TEST_TARGET_NAME = "Intro-to-Segues";
			};
			name = Release;
		};
/* End XCBuildConfiguration section */

/* Begin XCConfigurationList section */
		BD55D9342892C742009A2B3F /* Build configuration list for PBXProject "Intro-to-Segues" */ = {
			isa = XCConfigurationList;
			buildConfigurations = (
				BD55D9642892C744009A2B3F /* Debug */,
				BD55D9652892C744009A2B3F /* Release */,
			);
			defaultConfigurationIsVisible = 0;
			defaultConfigurationName = Release;
		};
		BD55D9662892C744009A2B3F /* Build configuration list for PBXNativeTarget "Intro-to-Segues" */ = {
			isa = XCConfigurationList;
			buildConfigurations = (
				BD55D9672892C744009A2B3F /* Debug */,
				BD55D9682892C744009A2B3F /* Release */,
			);
			defaultConfigurationIsVisible = 0;
			defaultConfigurationName = Release;
		};
		BD55D9692892C744009A2B3F /* Build configuration list for PBXNativeTarget "Intro-to-SeguesTests" */ = {
			isa = XCConfigurationList;
			buildConfigurations = (
				BD55D96A2892C744009A2B3F /* Debug */,
				BD55D96B2892C744009A2B3F /* Release */,
			);
			defaultConfigurationIsVisible = 0;
			defaultConfigurationName = Release;
		};
		BD55D96C2892C744009A2B3F /* Build configuration list for PBXNativeTarget "Intro-to-SeguesUITests" */ = {
			isa = XCConfigurationList;
			buildConfigurations = (
				BD55D96D2892C744009A2B3F /* Debug */,
				BD55D96E2892C744009A2B3F /* Release */,
			);
			defaultConfigurationIsVisible = 0;
			defaultConfigurationName = Release;
		};
/* End XCConfigurationList section */

/* Begin XCVersionGroup section */
		BD55D9452892C742009A2B3F /* Intro_to_Segues.xcdatamodeld */ = {
			isa = XCVersionGroup;
			children = (
				BD55D9462892C742009A2B3F /* Intro_to_Segues.xcdatamodel */,
			);
			currentVersion = BD55D9462892C742009A2B3F /* Intro_to_Segues.xcdatamodel */;
			path = Intro_to_Segues.xcdatamodeld;
			sourceTree = "<group>";
			versionGroupType = wrapper.xcdatamodel;
		};
/* End XCVersionGroup section */
	};
	rootObject = BD55D9312892C742009A2B3F /* Project object */;
}
