// !$*UTF8*$!
{
	archiveVersion = 1;
	classes = {
	};
	objectVersion = 55;
	objects = {

/* Begin PBXBuildFile section */
		BD85A34D2891788600892E4A /* AppDelegate.swift in Sources */ = {isa = PBXBuildFile; fileRef = BD85A34C2891788600892E4A /* AppDelegate.swift */; };
		BD85A34F2891788600892E4A /* SceneDelegate.swift in Sources */ = {isa = PBXBuildFile; fileRef = BD85A34E2891788600892E4A /* SceneDelegate.swift */; };
		BD85A3512891788600892E4A /* ViewController.swift in Sources */ = {isa = PBXBuildFile; fileRef = BD85A3502891788600892E4A /* ViewController.swift */; };
		BD85A3542891788600892E4A /* Main.storyboard in Resources */ = {isa = PBXBuildFile; fileRef = BD85A3522891788600892E4A /* Main.storyboard */; };
		BD85A3572891788600892E4A /* IntroToStoryboard.xcdatamodeld in Sources */ = {isa = PBXBuildFile; fileRef = BD85A3552891788600892E4A /* IntroToStoryboard.xcdatamodeld */; };
		BD85A3592891788900892E4A /* Assets.xcassets in Resources */ = {isa = PBXBuildFile; fileRef = BD85A3582891788900892E4A /* Assets.xcassets */; };
		BD85A35C2891788900892E4A /* LaunchScreen.storyboard in Resources */ = {isa = PBXBuildFile; fileRef = BD85A35A2891788900892E4A /* LaunchScreen.storyboard */; };
		BD85A3672891788900892E4A /* IntroToStoryboardTests.swift in Sources */ = {isa = PBXBuildFile; fileRef = BD85A3662891788900892E4A /* IntroToStoryboardTests.swift */; };
		BD85A3712891788900892E4A /* IntroToStoryboardUITests.swift in Sources */ = {isa = PBXBuildFile; fileRef = BD85A3702891788900892E4A /* IntroToStoryboardUITests.swift */; };
		BD85A3732891788900892E4A /* IntroToStoryboardUITestsLaunchTests.swift in Sources */ = {isa = PBXBuildFile; fileRef = BD85A3722891788900892E4A /* IntroToStoryboardUITestsLaunchTests.swift */; };
/* End PBXBuildFile section */

/* Begin PBXContainerItemProxy section */
		BD85A3632891788900892E4A /* PBXContainerItemProxy */ = {
			isa = PBXContainerItemProxy;
			containerPortal = BD85A3412891788600892E4A /* Project object */;
			proxyType = 1;
			remoteGlobalIDString = BD85A3482891788600892E4A;
			remoteInfo = IntroToStoryboard;
		};
		BD85A36D2891788900892E4A /* PBXContainerItemProxy */ = {
			isa = PBXContainerItemProxy;
			containerPortal = BD85A3412891788600892E4A /* Project object */;
			proxyType = 1;
			remoteGlobalIDString = BD85A3482891788600892E4A;
			remoteInfo = IntroToStoryboard;
		};
/* End PBXContainerItemProxy section */

/* Begin PBXFileReference section */
		BD85A3492891788600892E4A /* IntroToStoryboard.app */ = {isa = PBXFileReference; explicitFileType = wrapper.application; includeInIndex = 0; path = IntroToStoryboard.app; sourceTree = BUILT_PRODUCTS_DIR; };
		BD85A34C2891788600892E4A /* AppDelegate.swift */ = {isa = PBXFileReference; lastKnownFileType = sourcecode.swift; path = AppDelegate.swift; sourceTree = "<group>"; };
		BD85A34E2891788600892E4A /* SceneDelegate.swift */ = {isa = PBXFileReference; lastKnownFileType = sourcecode.swift; path = SceneDelegate.swift; sourceTree = "<group>"; };
		BD85A3502891788600892E4A /* ViewController.swift */ = {isa = PBXFileReference; lastKnownFileType = sourcecode.swift; path = ViewController.swift; sourceTree = "<group>"; };
		BD85A3532891788600892E4A /* Base */ = {isa = PBXFileReference; lastKnownFileType = file.storyboard; name = Base; path = Base.lproj/Main.storyboard; sourceTree = "<group>"; };
		BD85A3562891788600892E4A /* IntroToStoryboard.xcdatamodel */ = {isa = PBXFileReference; lastKnownFileType = wrapper.xcdatamodel; path = IntroToStoryboard.xcdatamodel; sourceTree = "<group>"; };
		BD85A3582891788900892E4A /* Assets.xcassets */ = {isa = PBXFileReference; lastKnownFileType = folder.assetcatalog; path = Assets.xcassets; sourceTree = "<group>"; };
		BD85A35B2891788900892E4A /* Base */ = {isa = PBXFileReference; lastKnownFileType = file.storyboard; name = Base; path = Base.lproj/LaunchScreen.storyboard; sourceTree = "<group>"; };
		BD85A35D2891788900892E4A /* Info.plist */ = {isa = PBXFileReference; lastKnownFileType = text.plist.xml; path = Info.plist; sourceTree = "<group>"; };
		BD85A3622891788900892E4A /* IntroToStoryboardTests.xctest */ = {isa = PBXFileReference; explicitFileType = wrapper.cfbundle; includeInIndex = 0; path = IntroToStoryboardTests.xctest; sourceTree = BUILT_PRODUCTS_DIR; };
		BD85A3662891788900892E4A /* IntroToStoryboardTests.swift */ = {isa = PBXFileReference; lastKnownFileType = sourcecode.swift; path = IntroToStoryboardTests.swift; sourceTree = "<group>"; };
		BD85A36C2891788900892E4A /* IntroToStoryboardUITests.xctest */ = {isa = PBXFileReference; explicitFileType = wrapper.cfbundle; includeInIndex = 0; path = IntroToStoryboardUITests.xctest; sourceTree = BUILT_PRODUCTS_DIR; };
		BD85A3702891788900892E4A /* IntroToStoryboardUITests.swift */ = {isa = PBXFileReference; lastKnownFileType = sourcecode.swift; path = IntroToStoryboardUITests.swift; sourceTree = "<group>"; };
		BD85A3722891788900892E4A /* IntroToStoryboardUITestsLaunchTests.swift */ = {isa = PBXFileReference; lastKnownFileType = sourcecode.swift; path = IntroToStoryboardUITestsLaunchTests.swift; sourceTree = "<group>"; };
/* End PBXFileReference section */

/* Begin PBXFrameworksBuildPhase section */
		BD85A3462891788600892E4A /* Frameworks */ = {
			isa = PBXFrameworksBuildPhase;
			buildActionMask = 2147483647;
			files = (
			);
			runOnlyForDeploymentPostprocessing = 0;
		};
		BD85A35F2891788900892E4A /* Frameworks */ = {
			isa = PBXFrameworksBuildPhase;
			buildActionMask = 2147483647;
			files = (
			);
			runOnlyForDeploymentPostprocessing = 0;
		};
		BD85A3692891788900892E4A /* Frameworks */ = {
			isa = PBXFrameworksBuildPhase;
			buildActionMask = 2147483647;
			files = (
			);
			runOnlyForDeploymentPostprocessing = 0;
		};
/* End PBXFrameworksBuildPhase section */

/* Begin PBXGroup section */
		BD85A3402891788600892E4A = {
			isa = PBXGroup;
			children = (
				BD85A34B2891788600892E4A /* IntroToStoryboard */,
				BD85A3652891788900892E4A /* IntroToStoryboardTests */,
				BD85A36F2891788900892E4A /* IntroToStoryboardUITests */,
				BD85A34A2891788600892E4A /* Products */,
			);
			sourceTree = "<group>";
		};
		BD85A34A2891788600892E4A /* Products */ = {
			isa = PBXGroup;
			children = (
				BD85A3492891788600892E4A /* IntroToStoryboard.app */,
				BD85A3622891788900892E4A /* IntroToStoryboardTests.xctest */,
				BD85A36C2891788900892E4A /* IntroToStoryboardUITests.xctest */,
			);
			name = Products;
			sourceTree = "<group>";
		};
		BD85A34B2891788600892E4A /* IntroToStoryboard */ = {
			isa = PBXGroup;
			children = (
				BD85A34C2891788600892E4A /* AppDelegate.swift */,
				BD85A34E2891788600892E4A /* SceneDelegate.swift */,
				BD85A3502891788600892E4A /* ViewController.swift */,
				BD85A3522891788600892E4A /* Main.storyboard */,
				BD85A3582891788900892E4A /* Assets.xcassets */,
				BD85A35A2891788900892E4A /* LaunchScreen.storyboard */,
				BD85A35D2891788900892E4A /* Info.plist */,
				BD85A3552891788600892E4A /* IntroToStoryboard.xcdatamodeld */,
			);
			path = IntroToStoryboard;
			sourceTree = "<group>";
		};
		BD85A3652891788900892E4A /* IntroToStoryboardTests */ = {
			isa = PBXGroup;
			children = (
				BD85A3662891788900892E4A /* IntroToStoryboardTests.swift */,
			);
			path = IntroToStoryboardTests;
			sourceTree = "<group>";
		};
		BD85A36F2891788900892E4A /* IntroToStoryboardUITests */ = {
			isa = PBXGroup;
			children = (
				BD85A3702891788900892E4A /* IntroToStoryboardUITests.swift */,
				BD85A3722891788900892E4A /* IntroToStoryboardUITestsLaunchTests.swift */,
			);
			path = IntroToStoryboardUITests;
			sourceTree = "<group>";
		};
/* End PBXGroup section */

/* Begin PBXNativeTarget section */
		BD85A3482891788600892E4A /* IntroToStoryboard */ = {
			isa = PBXNativeTarget;
			buildConfigurationList = BD85A3762891788900892E4A /* Build configuration list for PBXNativeTarget "IntroToStoryboard" */;
			buildPhases = (
				BD85A3452891788600892E4A /* Sources */,
				BD85A3462891788600892E4A /* Frameworks */,
				BD85A3472891788600892E4A /* Resources */,
			);
			buildRules = (
			);
			dependencies = (
			);
			name = IntroToStoryboard;
			productName = IntroToStoryboard;
			productReference = BD85A3492891788600892E4A /* IntroToStoryboard.app */;
			productType = "com.apple.product-type.application";
		};
		BD85A3612891788900892E4A /* IntroToStoryboardTests */ = {
			isa = PBXNativeTarget;
			buildConfigurationList = BD85A3792891788900892E4A /* Build configuration list for PBXNativeTarget "IntroToStoryboardTests" */;
			buildPhases = (
				BD85A35E2891788900892E4A /* Sources */,
				BD85A35F2891788900892E4A /* Frameworks */,
				BD85A3602891788900892E4A /* Resources */,
			);
			buildRules = (
			);
			dependencies = (
				BD85A3642891788900892E4A /* PBXTargetDependency */,
			);
			name = IntroToStoryboardTests;
			productName = IntroToStoryboardTests;
			productReference = BD85A3622891788900892E4A /* IntroToStoryboardTests.xctest */;
			productType = "com.apple.product-type.bundle.unit-test";
		};
		BD85A36B2891788900892E4A /* IntroToStoryboardUITests */ = {
			isa = PBXNativeTarget;
			buildConfigurationList = BD85A37C2891788900892E4A /* Build configuration list for PBXNativeTarget "IntroToStoryboardUITests" */;
			buildPhases = (
				BD85A3682891788900892E4A /* Sources */,
				BD85A3692891788900892E4A /* Frameworks */,
				BD85A36A2891788900892E4A /* Resources */,
			);
			buildRules = (
			);
			dependencies = (
				BD85A36E2891788900892E4A /* PBXTargetDependency */,
			);
			name = IntroToStoryboardUITests;
			productName = IntroToStoryboardUITests;
			productReference = BD85A36C2891788900892E4A /* IntroToStoryboardUITests.xctest */;
			productType = "com.apple.product-type.bundle.ui-testing";
		};
/* End PBXNativeTarget section */

/* Begin PBXProject section */
		BD85A3412891788600892E4A /* Project object */ = {
			isa = PBXProject;
			attributes = {
				BuildIndependentTargetsInParallel = 1;
				LastSwiftUpdateCheck = 1340;
				LastUpgradeCheck = 1340;
				TargetAttributes = {
					BD85A3482891788600892E4A = {
						CreatedOnToolsVersion = 13.4.1;
					};
					BD85A3612891788900892E4A = {
						CreatedOnToolsVersion = 13.4.1;
						TestTargetID = BD85A3482891788600892E4A;
					};
					BD85A36B2891788900892E4A = {
						CreatedOnToolsVersion = 13.4.1;
						TestTargetID = BD85A3482891788600892E4A;
					};
				};
			};
			buildConfigurationList = BD85A3442891788600892E4A /* Build configuration list for PBXProject "IntroToStoryboard" */;
			compatibilityVersion = "Xcode 13.0";
			developmentRegion = en;
			hasScannedForEncodings = 0;
			knownRegions = (
				en,
				Base,
			);
			mainGroup = BD85A3402891788600892E4A;
			productRefGroup = BD85A34A2891788600892E4A /* Products */;
			projectDirPath = "";
			projectRoot = "";
			targets = (
				BD85A3482891788600892E4A /* IntroToStoryboard */,
				BD85A3612891788900892E4A /* IntroToStoryboardTests */,
				BD85A36B2891788900892E4A /* IntroToStoryboardUITests */,
			);
		};
/* End PBXProject section */

/* Begin PBXResourcesBuildPhase section */
		BD85A3472891788600892E4A /* Resources */ = {
			isa = PBXResourcesBuildPhase;
			buildActionMask = 2147483647;
			files = (
				BD85A35C2891788900892E4A /* LaunchScreen.storyboard in Resources */,
				BD85A3592891788900892E4A /* Assets.xcassets in Resources */,
				BD85A3542891788600892E4A /* Main.storyboard in Resources */,
			);
			runOnlyForDeploymentPostprocessing = 0;
		};
		BD85A3602891788900892E4A /* Resources */ = {
			isa = PBXResourcesBuildPhase;
			buildActionMask = 2147483647;
			files = (
			);
			runOnlyForDeploymentPostprocessing = 0;
		};
		BD85A36A2891788900892E4A /* Resources */ = {
			isa = PBXResourcesBuildPhase;
			buildActionMask = 2147483647;
			files = (
			);
			runOnlyForDeploymentPostprocessing = 0;
		};
/* End PBXResourcesBuildPhase section */

/* Begin PBXSourcesBuildPhase section */
		BD85A3452891788600892E4A /* Sources */ = {
			isa = PBXSourcesBuildPhase;
			buildActionMask = 2147483647;
			files = (
				BD85A3512891788600892E4A /* ViewController.swift in Sources */,
				BD85A34D2891788600892E4A /* AppDelegate.swift in Sources */,
				BD85A3572891788600892E4A /* IntroToStoryboard.xcdatamodeld in Sources */,
				BD85A34F2891788600892E4A /* SceneDelegate.swift in Sources */,
			);
			runOnlyForDeploymentPostprocessing = 0;
		};
		BD85A35E2891788900892E4A /* Sources */ = {
			isa = PBXSourcesBuildPhase;
			buildActionMask = 2147483647;
			files = (
				BD85A3672891788900892E4A /* IntroToStoryboardTests.swift in Sources */,
			);
			runOnlyForDeploymentPostprocessing = 0;
		};
		BD85A3682891788900892E4A /* Sources */ = {
			isa = PBXSourcesBuildPhase;
			buildActionMask = 2147483647;
			files = (
				BD85A3712891788900892E4A /* IntroToStoryboardUITests.swift in Sources */,
				BD85A3732891788900892E4A /* IntroToStoryboardUITestsLaunchTests.swift in Sources */,
			);
			runOnlyForDeploymentPostprocessing = 0;
		};
/* End PBXSourcesBuildPhase section */

/* Begin PBXTargetDependency section */
		BD85A3642891788900892E4A /* PBXTargetDependency */ = {
			isa = PBXTargetDependency;
			target = BD85A3482891788600892E4A /* IntroToStoryboard */;
			targetProxy = BD85A3632891788900892E4A /* PBXContainerItemProxy */;
		};
		BD85A36E2891788900892E4A /* PBXTargetDependency */ = {
			isa = PBXTargetDependency;
			target = BD85A3482891788600892E4A /* IntroToStoryboard */;
			targetProxy = BD85A36D2891788900892E4A /* PBXContainerItemProxy */;
		};
/* End PBXTargetDependency section */

/* Begin PBXVariantGroup section */
		BD85A3522891788600892E4A /* Main.storyboard */ = {
			isa = PBXVariantGroup;
			children = (
				BD85A3532891788600892E4A /* Base */,
			);
			name = Main.storyboard;
			sourceTree = "<group>";
		};
		BD85A35A2891788900892E4A /* LaunchScreen.storyboard */ = {
			isa = PBXVariantGroup;
			children = (
				BD85A35B2891788900892E4A /* Base */,
			);
			name = LaunchScreen.storyboard;
			sourceTree = "<group>";
		};
/* End PBXVariantGroup section */

/* Begin XCBuildConfiguration section */
		BD85A3742891788900892E4A /* Debug */ = {
			isa = XCBuildConfiguration;
			buildSettings = {
				ALWAYS_SEARCH_USER_PATHS = NO;
				CLANG_ANALYZER_NONNULL = YES;
				CLANG_ANALYZER_NUMBER_OBJECT_CONVERSION = YES_AGGRESSIVE;
				CLANG_CXX_LANGUAGE_STANDARD = "gnu++17";
				CLANG_ENABLE_MODULES = YES;
				CLANG_ENABLE_OBJC_ARC = YES;
				CLANG_ENABLE_OBJC_WEAK = YES;
				CLANG_WARN_BLOCK_CAPTURE_AUTORELEASING = YES;
				CLANG_WARN_BOOL_CONVERSION = YES;
				CLANG_WARN_COMMA = YES;
				CLANG_WARN_CONSTANT_CONVERSION = YES;
				CLANG_WARN_DEPRECATED_OBJC_IMPLEMENTATIONS = YES;
				CLANG_WARN_DIRECT_OBJC_ISA_USAGE = YES_ERROR;
				CLANG_WARN_DOCUMENTATION_COMMENTS = YES;
				CLANG_WARN_EMPTY_BODY = YES;
				CLANG_WARN_ENUM_CONVERSION = YES;
				CLANG_WARN_INFINITE_RECURSION = YES;
				CLANG_WARN_INT_CONVERSION = YES;
				CLANG_WARN_NON_LITERAL_NULL_CONVERSION = YES;
				CLANG_WARN_OBJC_IMPLICIT_RETAIN_SELF = YES;
				CLANG_WARN_OBJC_LITERAL_CONVERSION = YES;
				CLANG_WARN_OBJC_ROOT_CLASS = YES_ERROR;
				CLANG_WARN_QUOTED_INCLUDE_IN_FRAMEWORK_HEADER = YES;
				CLANG_WARN_RANGE_LOOP_ANALYSIS = YES;
				CLANG_WARN_STRICT_PROTOTYPES = YES;
				CLANG_WARN_SUSPICIOUS_MOVE = YES;
				CLANG_WARN_UNGUARDED_AVAILABILITY = YES_AGGRESSIVE;
				CLANG_WARN_UNREACHABLE_CODE = YES;
				CLANG_WARN__DUPLICATE_METHOD_MATCH = YES;
				COPY_PHASE_STRIP = NO;
				DEBUG_INFORMATION_FORMAT = dwarf;
				ENABLE_STRICT_OBJC_MSGSEND = YES;
				ENABLE_TESTABILITY = YES;
				GCC_C_LANGUAGE_STANDARD = gnu11;
				GCC_DYNAMIC_NO_PIC = NO;
				GCC_NO_COMMON_BLOCKS = YES;
				GCC_OPTIMIZATION_LEVEL = 0;
				GCC_PREPROCESSOR_DEFINITIONS = (
					"DEBUG=1",
					"$(inherited)",
				);
				GCC_WARN_64_TO_32_BIT_CONVERSION = YES;
				GCC_WARN_ABOUT_RETURN_TYPE = YES_ERROR;
				GCC_WARN_UNDECLARED_SELECTOR = YES;
				GCC_WARN_UNINITIALIZED_AUTOS = YES_AGGRESSIVE;
				GCC_WARN_UNUSED_FUNCTION = YES;
				GCC_WARN_UNUSED_VARIABLE = YES;
				IPHONEOS_DEPLOYMENT_TARGET = 15.5;
				MTL_ENABLE_DEBUG_INFO = INCLUDE_SOURCE;
				MTL_FAST_MATH = YES;
				ONLY_ACTIVE_ARCH = YES;
				SDKROOT = iphoneos;
				SWIFT_ACTIVE_COMPILATION_CONDITIONS = DEBUG;
				SWIFT_OPTIMIZATION_LEVEL = "-Onone";
			};
			name = Debug;
		};
		BD85A3752891788900892E4A /* Release */ = {
			isa = XCBuildConfiguration;
			buildSettings = {
				ALWAYS_SEARCH_USER_PATHS = NO;
				CLANG_ANALYZER_NONNULL = YES;
				CLANG_ANALYZER_NUMBER_OBJECT_CONVERSION = YES_AGGRESSIVE;
				CLANG_CXX_LANGUAGE_STANDARD = "gnu++17";
				CLANG_ENABLE_MODULES = YES;
				CLANG_ENABLE_OBJC_ARC = YES;
				CLANG_ENABLE_OBJC_WEAK = YES;
				CLANG_WARN_BLOCK_CAPTURE_AUTORELEASING = YES;
				CLANG_WARN_BOOL_CONVERSION = YES;
				CLANG_WARN_COMMA = YES;
				CLANG_WARN_CONSTANT_CONVERSION = YES;
				CLANG_WARN_DEPRECATED_OBJC_IMPLEMENTATIONS = YES;
				CLANG_WARN_DIRECT_OBJC_ISA_USAGE = YES_ERROR;
				CLANG_WARN_DOCUMENTATION_COMMENTS = YES;
				CLANG_WARN_EMPTY_BODY = YES;
				CLANG_WARN_ENUM_CONVERSION = YES;
				CLANG_WARN_INFINITE_RECURSION = YES;
				CLANG_WARN_INT_CONVERSION = YES;
				CLANG_WARN_NON_LITERAL_NULL_CONVERSION = YES;
				CLANG_WARN_OBJC_IMPLICIT_RETAIN_SELF = YES;
				CLANG_WARN_OBJC_LITERAL_CONVERSION = YES;
				CLANG_WARN_OBJC_ROOT_CLASS = YES_ERROR;
				CLANG_WARN_QUOTED_INCLUDE_IN_FRAMEWORK_HEADER = YES;
				CLANG_WARN_RANGE_LOOP_ANALYSIS = YES;
				CLANG_WARN_STRICT_PROTOTYPES = YES;
				CLANG_WARN_SUSPICIOUS_MOVE = YES;
				CLANG_WARN_UNGUARDED_AVAILABILITY = YES_AGGRESSIVE;
				CLANG_WARN_UNREACHABLE_CODE = YES;
				CLANG_WARN__DUPLICATE_METHOD_MATCH = YES;
				COPY_PHASE_STRIP = NO;
				DEBUG_INFORMATION_FORMAT = "dwarf-with-dsym";
				ENABLE_NS_ASSERTIONS = NO;
				ENABLE_STRICT_OBJC_MSGSEND = YES;
				GCC_C_LANGUAGE_STANDARD = gnu11;
				GCC_NO_COMMON_BLOCKS = YES;
				GCC_WARN_64_TO_32_BIT_CONVERSION = YES;
				GCC_WARN_ABOUT_RETURN_TYPE = YES_ERROR;
				GCC_WARN_UNDECLARED_SELECTOR = YES;
				GCC_WARN_UNINITIALIZED_AUTOS = YES_AGGRESSIVE;
				GCC_WARN_UNUSED_FUNCTION = YES;
				GCC_WARN_UNUSED_VARIABLE = YES;
				IPHONEOS_DEPLOYMENT_TARGET = 15.5;
				MTL_ENABLE_DEBUG_INFO = NO;
				MTL_FAST_MATH = YES;
				SDKROOT = iphoneos;
				SWIFT_COMPILATION_MODE = wholemodule;
				SWIFT_OPTIMIZATION_LEVEL = "-O";
				VALIDATE_PRODUCT = YES;
			};
			name = Release;
		};
		BD85A3772891788900892E4A /* Debug */ = {
			isa = XCBuildConfiguration;
			buildSettings = {
				ASSETCATALOG_COMPILER_APPICON_NAME = AppIcon;
				ASSETCATALOG_COMPILER_GLOBAL_ACCENT_COLOR_NAME = AccentColor;
				CODE_SIGN_STYLE = Automatic;
				CURRENT_PROJECT_VERSION = 1;
				GENERATE_INFOPLIST_FILE = YES;
				INFOPLIST_FILE = IntroToStoryboard/Info.plist;
				INFOPLIST_KEY_UIApplicationSupportsIndirectInputEvents = YES;
				INFOPLIST_KEY_UILaunchStoryboardName = LaunchScreen;
				INFOPLIST_KEY_UIMainStoryboardFile = Main;
				INFOPLIST_KEY_UISupportedInterfaceOrientations_iPad = "UIInterfaceOrientationPortrait UIInterfaceOrientationPortraitUpsideDown UIInterfaceOrientationLandscapeLeft UIInterfaceOrientationLandscapeRight";
				INFOPLIST_KEY_UISupportedInterfaceOrientations_iPhone = "UIInterfaceOrientationPortrait UIInterfaceOrientationLandscapeLeft UIInterfaceOrientationLandscapeRight";
				LD_RUNPATH_SEARCH_PATHS = (
					"$(inherited)",
					"@executable_path/Frameworks",
				);
				MARKETING_VERSION = 1.0;
				PRODUCT_BUNDLE_IDENTIFIER = kwk.IntroToStoryboard;
				PRODUCT_NAME = "$(TARGET_NAME)";
				SWIFT_EMIT_LOC_STRINGS = YES;
				SWIFT_VERSION = 5.0;
				TARGETED_DEVICE_FAMILY = "1,2";
			};
			name = Debug;
		};
		BD85A3782891788900892E4A /* Release */ = {
			isa = XCBuildConfiguration;
			buildSettings = {
				ASSETCATALOG_COMPILER_APPICON_NAME = AppIcon;
				ASSETCATALOG_COMPILER_GLOBAL_ACCENT_COLOR_NAME = AccentColor;
				CODE_SIGN_STYLE = Automatic;
				CURRENT_PROJECT_VERSION = 1;
				GENERATE_INFOPLIST_FILE = YES;
				INFOPLIST_FILE = IntroToStoryboard/Info.plist;
				INFOPLIST_KEY_UIApplicationSupportsIndirectInputEvents = YES;
				INFOPLIST_KEY_UILaunchStoryboardName = LaunchScreen;
				INFOPLIST_KEY_UIMainStoryboardFile = Main;
				INFOPLIST_KEY_UISupportedInterfaceOrientations_iPad = "UIInterfaceOrientationPortrait UIInterfaceOrientationPortraitUpsideDown UIInterfaceOrientationLandscapeLeft UIInterfaceOrientationLandscapeRight";
				INFOPLIST_KEY_UISupportedInterfaceOrientations_iPhone = "UIInterfaceOrientationPortrait UIInterfaceOrientationLandscapeLeft UIInterfaceOrientationLandscapeRight";
				LD_RUNPATH_SEARCH_PATHS = (
					"$(inherited)",
					"@executable_path/Frameworks",
				);
				MARKETING_VERSION = 1.0;
				PRODUCT_BUNDLE_IDENTIFIER = kwk.IntroToStoryboard;
				PRODUCT_NAME = "$(TARGET_NAME)";
				SWIFT_EMIT_LOC_STRINGS = YES;
				SWIFT_VERSION = 5.0;
				TARGETED_DEVICE_FAMILY = "1,2";
			};
			name = Release;
		};
		BD85A37A2891788900892E4A /* Debug */ = {
			isa = XCBuildConfiguration;
			buildSettings = {
				ALWAYS_EMBED_SWIFT_STANDARD_LIBRARIES = YES;
				BUNDLE_LOADER = "$(TEST_HOST)";
				CODE_SIGN_STYLE = Automatic;
				CURRENT_PROJECT_VERSION = 1;
				GENERATE_INFOPLIST_FILE = YES;
				IPHONEOS_DEPLOYMENT_TARGET = 15.5;
				MARKETING_VERSION = 1.0;
				PRODUCT_BUNDLE_IDENTIFIER = kwk.IntroToStoryboardTests;
				PRODUCT_NAME = "$(TARGET_NAME)";
				SWIFT_EMIT_LOC_STRINGS = NO;
				SWIFT_VERSION = 5.0;
				TARGETED_DEVICE_FAMILY = "1,2";
				TEST_HOST = "$(BUILT_PRODUCTS_DIR)/IntroToStoryboard.app/IntroToStoryboard";
			};
			name = Debug;
		};
		BD85A37B2891788900892E4A /* Release */ = {
			isa = XCBuildConfiguration;
			buildSettings = {
				ALWAYS_EMBED_SWIFT_STANDARD_LIBRARIES = YES;
				BUNDLE_LOADER = "$(TEST_HOST)";
				CODE_SIGN_STYLE = Automatic;
				CURRENT_PROJECT_VERSION = 1;
				GENERATE_INFOPLIST_FILE = YES;
				IPHONEOS_DEPLOYMENT_TARGET = 15.5;
				MARKETING_VERSION = 1.0;
				PRODUCT_BUNDLE_IDENTIFIER = kwk.IntroToStoryboardTests;
				PRODUCT_NAME = "$(TARGET_NAME)";
				SWIFT_EMIT_LOC_STRINGS = NO;
				SWIFT_VERSION = 5.0;
				TARGETED_DEVICE_FAMILY = "1,2";
				TEST_HOST = "$(BUILT_PRODUCTS_DIR)/IntroToStoryboard.app/IntroToStoryboard";
			};
			name = Release;
		};
		BD85A37D2891788900892E4A /* Debug */ = {
			isa = XCBuildConfiguration;
			buildSettings = {
				ALWAYS_EMBED_SWIFT_STANDARD_LIBRARIES = YES;
				CODE_SIGN_STYLE = Automatic;
				CURRENT_PROJECT_VERSION = 1;
				GENERATE_INFOPLIST_FILE = YES;
				MARKETING_VERSION = 1.0;
				PRODUCT_BUNDLE_IDENTIFIER = kwk.IntroToStoryboardUITests;
				PRODUCT_NAME = "$(TARGET_NAME)";
				SWIFT_EMIT_LOC_STRINGS = NO;
				SWIFT_VERSION = 5.0;
				TARGETED_DEVICE_FAMILY = "1,2";
				TEST_TARGET_NAME = IntroToStoryboard;
			};
			name = Debug;
		};
		BD85A37E2891788900892E4A /* Release */ = {
			isa = XCBuildConfiguration;
			buildSettings = {
				ALWAYS_EMBED_SWIFT_STANDARD_LIBRARIES = YES;
				CODE_SIGN_STYLE = Automatic;
				CURRENT_PROJECT_VERSION = 1;
				GENERATE_INFOPLIST_FILE = YES;
				MARKETING_VERSION = 1.0;
				PRODUCT_BUNDLE_IDENTIFIER = kwk.IntroToStoryboardUITests;
				PRODUCT_NAME = "$(TARGET_NAME)";
				SWIFT_EMIT_LOC_STRINGS = NO;
				SWIFT_VERSION = 5.0;
				TARGETED_DEVICE_FAMILY = "1,2";
				TEST_TARGET_NAME = IntroToStoryboard;
			};
			name = Release;
		};
/* End XCBuildConfiguration section */

/* Begin XCConfigurationList section */
		BD85A3442891788600892E4A /* Build configuration list for PBXProject "IntroToStoryboard" */ = {
			isa = XCConfigurationList;
			buildConfigurations = (
				BD85A3742891788900892E4A /* Debug */,
				BD85A3752891788900892E4A /* Release */,
			);
			defaultConfigurationIsVisible = 0;
			defaultConfigurationName = Release;
		};
		BD85A3762891788900892E4A /* Build configuration list for PBXNativeTarget "IntroToStoryboard" */ = {
			isa = XCConfigurationList;
			buildConfigurations = (
				BD85A3772891788900892E4A /* Debug */,
				BD85A3782891788900892E4A /* Release */,
			);
			defaultConfigurationIsVisible = 0;
			defaultConfigurationName = Release;
		};
		BD85A3792891788900892E4A /* Build configuration list for PBXNativeTarget "IntroToStoryboardTests" */ = {
			isa = XCConfigurationList;
			buildConfigurations = (
				BD85A37A2891788900892E4A /* Debug */,
				BD85A37B2891788900892E4A /* Release */,
			);
			defaultConfigurationIsVisible = 0;
			defaultConfigurationName = Release;
		};
		BD85A37C2891788900892E4A /* Build configuration list for PBXNativeTarget "IntroToStoryboardUITests" */ = {
			isa = XCConfigurationList;
			buildConfigurations = (
				BD85A37D2891788900892E4A /* Debug */,
				BD85A37E2891788900892E4A /* Release */,
			);
			defaultConfigurationIsVisible = 0;
			defaultConfigurationName = Release;
		};
/* End XCConfigurationList section */

/* Begin XCVersionGroup section */
		BD85A3552891788600892E4A /* IntroToStoryboard.xcdatamodeld */ = {
			isa = XCVersionGroup;
			children = (
				BD85A3562891788600892E4A /* IntroToStoryboard.xcdatamodel */,
			);
			currentVersion = BD85A3562891788600892E4A /* IntroToStoryboard.xcdatamodel */;
			path = IntroToStoryboard.xcdatamodeld;
			sourceTree = "<group>";
			versionGroupType = wrapper.xcdatamodel;
		};
/* End XCVersionGroup section */
	};
	rootObject = BD85A3412891788600892E4A /* Project object */;
}
